// !$*UTF8*$!
{
	archiveVersion = 1;
	classes = {
	};
	objectVersion = 55;
	objects = {

/* Begin PBXBuildFile section */
		3B67938327C5D6C600B936DE /* AppDelegate.m in Sources */ = {isa = PBXBuildFile; fileRef = 3B67938227C5D6C600B936DE /* AppDelegate.m */; };
		3B67938627C5D6C600B936DE /* SceneDelegate.m in Sources */ = {isa = PBXBuildFile; fileRef = 3B67938527C5D6C600B936DE /* SceneDelegate.m */; };
		3B67938927C5D6C600B936DE /* ViewController.m in Sources */ = {isa = PBXBuildFile; fileRef = 3B67938827C5D6C600B936DE /* ViewController.m */; };
		3B67938C27C5D6C600B936DE /* Main.storyboard in Resources */ = {isa = PBXBuildFile; fileRef = 3B67938A27C5D6C600B936DE /* Main.storyboard */; };
		3B67938E27C5D6C800B936DE /* Assets.xcassets in Resources */ = {isa = PBXBuildFile; fileRef = 3B67938D27C5D6C800B936DE /* Assets.xcassets */; };
		3B67939427C5D6C800B936DE /* main.m in Sources */ = {isa = PBXBuildFile; fileRef = 3B67939327C5D6C800B936DE /* main.m */; };
		3B67939E27C5D6C800B936DE /* _701PortalTests.m in Sources */ = {isa = PBXBuildFile; fileRef = 3B67939D27C5D6C800B936DE /* _701PortalTests.m */; };
		3B6793A827C5D6C800B936DE /* _701PortalUITests.m in Sources */ = {isa = PBXBuildFile; fileRef = 3B6793A727C5D6C800B936DE /* _701PortalUITests.m */; };
		3B6793AA27C5D6C800B936DE /* _701PortalUITestsLaunchTests.m in Sources */ = {isa = PBXBuildFile; fileRef = 3B6793A927C5D6C800B936DE /* _701PortalUITestsLaunchTests.m */; };
		3B67940927CC76B900B936DE /* BaseViewController.m in Sources */ = {isa = PBXBuildFile; fileRef = 3B67940827CC76B900B936DE /* BaseViewController.m */; };
		3B67940C27CC76CC00B936DE /* BaseModel.m in Sources */ = {isa = PBXBuildFile; fileRef = 3B67940B27CC76CC00B936DE /* BaseModel.m */; };
		3B67940F27CC76F700B936DE /* BaseNavigationController.m in Sources */ = {isa = PBXBuildFile; fileRef = 3B67940E27CC76F700B936DE /* BaseNavigationController.m */; };
		3B67941527CC773700B936DE /* BaseTabBarController.m in Sources */ = {isa = PBXBuildFile; fileRef = 3B67941427CC773700B936DE /* BaseTabBarController.m */; };
		3B67941827CC79C400B936DE /* LaunchScreen.storyboard in Resources */ = {isa = PBXBuildFile; fileRef = 3B67941627CC79C400B936DE /* LaunchScreen.storyboard */; };
		3B67942327CC7CA800B936DE /* UserAccountViewController.m in Sources */ = {isa = PBXBuildFile; fileRef = 3B67942227CC7CA800B936DE /* UserAccountViewController.m */; };
		3B67942627CC7CBA00B936DE /* HomePageViewController.m in Sources */ = {isa = PBXBuildFile; fileRef = 3B67942527CC7CBA00B936DE /* HomePageViewController.m */; };
		3B67942927CC7CCB00B936DE /* MessageViewController.m in Sources */ = {isa = PBXBuildFile; fileRef = 3B67942827CC7CCB00B936DE /* MessageViewController.m */; };
		3B67942E27CCB33400B936DE /* NetworkEngine.m in Sources */ = {isa = PBXBuildFile; fileRef = 3B67942D27CCB33400B936DE /* NetworkEngine.m */; };
		3B67943127CCBAB500B936DE /* CXUploadDataModel.m in Sources */ = {isa = PBXBuildFile; fileRef = 3B67943027CCBAB500B936DE /* CXUploadDataModel.m */; };
		3B67943427CCBEA700B936DE /* NetworkEngine+NetworkUtil.m in Sources */ = {isa = PBXBuildFile; fileRef = 3B67943327CCBEA700B936DE /* NetworkEngine+NetworkUtil.m */; };
		3B67943727CCC40A00B936DE /* MBProgressHUD+CXProgressHUD.m in Sources */ = {isa = PBXBuildFile; fileRef = 3B67943627CCC40A00B936DE /* MBProgressHUD+CXProgressHUD.m */; };
		3B6C889B27D7440200C9BAC6 /* AlipaySDK.bundle in Resources */ = {isa = PBXBuildFile; fileRef = 3B6C889927D7440100C9BAC6 /* AlipaySDK.bundle */; };
		3B6C889C27D7440200C9BAC6 /* AlipaySDK.framework in Frameworks */ = {isa = PBXBuildFile; fileRef = 3B6C889A27D7440200C9BAC6 /* AlipaySDK.framework */; };
		3B6C889E27D7441A00C9BAC6 /* libc++.tbd in Frameworks */ = {isa = PBXBuildFile; fileRef = 3B6C889D27D7441A00C9BAC6 /* libc++.tbd */; };
		3B6C88A027D7442100C9BAC6 /* libz.tbd in Frameworks */ = {isa = PBXBuildFile; fileRef = 3B6C889F27D7442100C9BAC6 /* libz.tbd */; };
		3B6C88A227D7442800C9BAC6 /* SystemConfiguration.framework in Frameworks */ = {isa = PBXBuildFile; fileRef = 3B6C88A127D7442700C9BAC6 /* SystemConfiguration.framework */; };
		3B6C88A427D7443300C9BAC6 /* CoreTelephony.framework in Frameworks */ = {isa = PBXBuildFile; fileRef = 3B6C88A327D7443300C9BAC6 /* CoreTelephony.framework */; };
		3B6C88A627D7443B00C9BAC6 /* QuartzCore.framework in Frameworks */ = {isa = PBXBuildFile; fileRef = 3B6C88A527D7443B00C9BAC6 /* QuartzCore.framework */; };
		3B6C88A827D7444000C9BAC6 /* CoreText.framework in Frameworks */ = {isa = PBXBuildFile; fileRef = 3B6C88A727D7444000C9BAC6 /* CoreText.framework */; };
		3B6C88AA27D7445B00C9BAC6 /* CoreGraphics.framework in Frameworks */ = {isa = PBXBuildFile; fileRef = 3B6C88A927D7445600C9BAC6 /* CoreGraphics.framework */; };
		3B6C88AC27D7446400C9BAC6 /* UIKit.framework in Frameworks */ = {isa = PBXBuildFile; fileRef = 3B6C88AB27D7446400C9BAC6 /* UIKit.framework */; };
		3B6C88AE27D7446900C9BAC6 /* Foundation.framework in Frameworks */ = {isa = PBXBuildFile; fileRef = 3B6C88AD27D7446900C9BAC6 /* Foundation.framework */; };
		3B6C88B027D7446E00C9BAC6 /* CFNetwork.framework in Frameworks */ = {isa = PBXBuildFile; fileRef = 3B6C88AF27D7446E00C9BAC6 /* CFNetwork.framework */; };
		3B6C88B227D7447400C9BAC6 /* CoreMotion.framework in Frameworks */ = {isa = PBXBuildFile; fileRef = 3B6C88B127D7447400C9BAC6 /* CoreMotion.framework */; };
		3B6C88B527D7467100C9BAC6 /* libcrypto.a in Frameworks */ = {isa = PBXBuildFile; fileRef = 3B6C88B327D7466E00C9BAC6 /* libcrypto.a */; };
		3B6C88B627D7467100C9BAC6 /* libssl.a in Frameworks */ = {isa = PBXBuildFile; fileRef = 3B6C88B427D7467100C9BAC6 /* libssl.a */; };
		3B6C88B827D746AF00C9BAC6 /* WebKit.framework in Frameworks */ = {isa = PBXBuildFile; fileRef = 3B6C88B727D746AF00C9BAC6 /* WebKit.framework */; };
		3B6C88BE27D74A7800C9BAC6 /* openssl_wrapper.m in Sources */ = {isa = PBXBuildFile; fileRef = 3B6C88BA27D74A7800C9BAC6 /* openssl_wrapper.m */; };
		3B6C88BF27D74A7800C9BAC6 /* APRSASigner.m in Sources */ = {isa = PBXBuildFile; fileRef = 3B6C88BD27D74A7800C9BAC6 /* APRSASigner.m */; };
		3B6C88C527D74A9900C9BAC6 /* APOrderInfo.m in Sources */ = {isa = PBXBuildFile; fileRef = 3B6C88C127D74A9300C9BAC6 /* APOrderInfo.m */; };
		3B6C88C627D74A9900C9BAC6 /* APAuthInfo.m in Sources */ = {isa = PBXBuildFile; fileRef = 3B6C88C327D74A9900C9BAC6 /* APAuthInfo.m */; };
		3B6C88CA27D74AD000C9BAC6 /* APViewController.m in Sources */ = {isa = PBXBuildFile; fileRef = 3B6C88C927D74AD000C9BAC6 /* APViewController.m */; };
		3B6C891827D7502400C9BAC6 /* libsqlite3.0.tbd in Frameworks */ = {isa = PBXBuildFile; fileRef = 3B6C891727D7500E00C9BAC6 /* libsqlite3.0.tbd */; };
		3B6C891E27D84D0F00C9BAC6 /* HomePageCollectionViewCell.m in Sources */ = {isa = PBXBuildFile; fileRef = 3B6C891A27D84D0E00C9BAC6 /* HomePageCollectionViewCell.m */; };
		3B6C891F27D84D0F00C9BAC6 /* HomePageHeaderCollectionReusableView.m in Sources */ = {isa = PBXBuildFile; fileRef = 3B6C891B27D84D0E00C9BAC6 /* HomePageHeaderCollectionReusableView.m */; };
		3B7C04E727D894F700F465FB /* BaseView.m in Sources */ = {isa = PBXBuildFile; fileRef = 3B7C04E627D894F700F465FB /* BaseView.m */; };
		3B7C04EA27D8952400F465FB /* BaseCollectionViewCell.m in Sources */ = {isa = PBXBuildFile; fileRef = 3B7C04E927D8952400F465FB /* BaseCollectionViewCell.m */; };
		3B7C04ED27D895DB00F465FB /* BaseCollectionReusableView.m in Sources */ = {isa = PBXBuildFile; fileRef = 3B7C04EC27D895DB00F465FB /* BaseCollectionReusableView.m */; };
		3B7C04F027D8967400F465FB /* BaseTableViewCell.m in Sources */ = {isa = PBXBuildFile; fileRef = 3B7C04EF27D8967400F465FB /* BaseTableViewCell.m */; };
		3B7C04F327D89A1000F465FB /* UserInfoView.m in Sources */ = {isa = PBXBuildFile; fileRef = 3B7C04F227D89A1000F465FB /* UserInfoView.m */; };
		3B7C04F627D89A5E00F465FB /* CellView.m in Sources */ = {isa = PBXBuildFile; fileRef = 3B7C04F527D89A5E00F465FB /* CellView.m */; };
		3B7C04F927D89C8400F465FB /* UIColor+Hex.m in Sources */ = {isa = PBXBuildFile; fileRef = 3B7C04F727D89C8400F465FB /* UIColor+Hex.m */; };
		3B7C04FD27D9D9D300F465FB /* NaviBar.m in Sources */ = {isa = PBXBuildFile; fileRef = 3B7C04FB27D9D9D300F465FB /* NaviBar.m */; };
		3B7C050027D9DC5F00F465FB /* UIView+Utils.m in Sources */ = {isa = PBXBuildFile; fileRef = 3B7C04FF27D9DC5F00F465FB /* UIView+Utils.m */; };
		3B7C050327D9DD9F00F465FB /* UIDevice+Util.m in Sources */ = {isa = PBXBuildFile; fileRef = 3B7C050227D9DD9F00F465FB /* UIDevice+Util.m */; };
		3B7C051B27D9E97800F465FB /* MyOrderViewController.m in Sources */ = {isa = PBXBuildFile; fileRef = 3B7C051A27D9E97800F465FB /* MyOrderViewController.m */; };
		3B7C051E27D9E98600F465FB /* MyCollectViewController.m in Sources */ = {isa = PBXBuildFile; fileRef = 3B7C051D27D9E98600F465FB /* MyCollectViewController.m */; };
		3B7C052127D9E99300F465FB /* ShippingAddressViewController.m in Sources */ = {isa = PBXBuildFile; fileRef = 3B7C052027D9E99300F465FB /* ShippingAddressViewController.m */; };
		3B7C052427D9E99F00F465FB /* ContactInformationViewController.m in Sources */ = {isa = PBXBuildFile; fileRef = 3B7C052327D9E99F00F465FB /* ContactInformationViewController.m */; };
		3B7C052727D9EC9700F465FB /* MyOrderPageViewController.m in Sources */ = {isa = PBXBuildFile; fileRef = 3B7C052627D9EC9700F465FB /* MyOrderPageViewController.m */; };
		3B9F8AC927CE104E00ACA161 /* PagingViewController.m in Sources */ = {isa = PBXBuildFile; fileRef = 3B9F8AC827CE104E00ACA161 /* PagingViewController.m */; };
		3B9F8ACC27CE10C500ACA161 /* PagingViewTableHeaderView.m in Sources */ = {isa = PBXBuildFile; fileRef = 3B9F8ACB27CE10C500ACA161 /* PagingViewTableHeaderView.m */; };
		3B9F8ACF27CE112700ACA161 /* ListViewController.m in Sources */ = {isa = PBXBuildFile; fileRef = 3B9F8ACE27CE112700ACA161 /* ListViewController.m */; };
		4E30E9086A3F04C66B2A6FF9 /* Pods_1701Portal.framework in Frameworks */ = {isa = PBXBuildFile; fileRef = 7B68A95A8D39B2987FD77CA0 /* Pods_1701Portal.framework */; };
		AD4A9427CF1DDDF02A461FA5 /* Pods_1701Portal_1701PortalUITests.framework in Frameworks */ = {isa = PBXBuildFile; fileRef = 06A50BB820CFC8F80C92BA12 /* Pods_1701Portal_1701PortalUITests.framework */; };
		CB0C38D227D01178A40F366C /* Pods_1701PortalTests.framework in Frameworks */ = {isa = PBXBuildFile; fileRef = 9582CD62AB5CDBBEB742F4E1 /* Pods_1701PortalTests.framework */; };
/* End PBXBuildFile section */

/* Begin PBXContainerItemProxy section */
		3B67939A27C5D6C800B936DE /* PBXContainerItemProxy */ = {
			isa = PBXContainerItemProxy;
			containerPortal = 3B67937627C5D6C600B936DE /* Project object */;
			proxyType = 1;
			remoteGlobalIDString = 3B67937D27C5D6C600B936DE;
			remoteInfo = 1701Portal;
		};
		3B6793A427C5D6C800B936DE /* PBXContainerItemProxy */ = {
			isa = PBXContainerItemProxy;
			containerPortal = 3B67937627C5D6C600B936DE /* Project object */;
			proxyType = 1;
			remoteGlobalIDString = 3B67937D27C5D6C600B936DE;
			remoteInfo = 1701Portal;
		};
/* End PBXContainerItemProxy section */

/* Begin PBXFileReference section */
		06A50BB820CFC8F80C92BA12 /* Pods_1701Portal_1701PortalUITests.framework */ = {isa = PBXFileReference; explicitFileType = wrapper.framework; includeInIndex = 0; path = Pods_1701Portal_1701PortalUITests.framework; sourceTree = BUILT_PRODUCTS_DIR; };
		240153945CEEC3175516397E /* Pods-1701Portal-1701PortalUITests.debug.xcconfig */ = {isa = PBXFileReference; includeInIndex = 1; lastKnownFileType = text.xcconfig; name = "Pods-1701Portal-1701PortalUITests.debug.xcconfig"; path = "Target Support Files/Pods-1701Portal-1701PortalUITests/Pods-1701Portal-1701PortalUITests.debug.xcconfig"; sourceTree = "<group>"; };
		2F6CB35C39E7FD7AB992FE8E /* Pods-1701PortalTests.debug.xcconfig */ = {isa = PBXFileReference; includeInIndex = 1; lastKnownFileType = text.xcconfig; name = "Pods-1701PortalTests.debug.xcconfig"; path = "Target Support Files/Pods-1701PortalTests/Pods-1701PortalTests.debug.xcconfig"; sourceTree = "<group>"; };
		3B67937E27C5D6C600B936DE /* 1701Portal.app */ = {isa = PBXFileReference; explicitFileType = wrapper.application; includeInIndex = 0; path = 1701Portal.app; sourceTree = BUILT_PRODUCTS_DIR; };
		3B67938127C5D6C600B936DE /* AppDelegate.h */ = {isa = PBXFileReference; lastKnownFileType = sourcecode.c.h; path = AppDelegate.h; sourceTree = "<group>"; };
		3B67938227C5D6C600B936DE /* AppDelegate.m */ = {isa = PBXFileReference; lastKnownFileType = sourcecode.c.objc; path = AppDelegate.m; sourceTree = "<group>"; };
		3B67938427C5D6C600B936DE /* SceneDelegate.h */ = {isa = PBXFileReference; lastKnownFileType = sourcecode.c.h; path = SceneDelegate.h; sourceTree = "<group>"; };
		3B67938527C5D6C600B936DE /* SceneDelegate.m */ = {isa = PBXFileReference; lastKnownFileType = sourcecode.c.objc; path = SceneDelegate.m; sourceTree = "<group>"; };
		3B67938727C5D6C600B936DE /* ViewController.h */ = {isa = PBXFileReference; lastKnownFileType = sourcecode.c.h; path = ViewController.h; sourceTree = "<group>"; };
		3B67938827C5D6C600B936DE /* ViewController.m */ = {isa = PBXFileReference; lastKnownFileType = sourcecode.c.objc; path = ViewController.m; sourceTree = "<group>"; };
		3B67938B27C5D6C600B936DE /* Base */ = {isa = PBXFileReference; lastKnownFileType = file.storyboard; name = Base; path = Base.lproj/Main.storyboard; sourceTree = "<group>"; };
		3B67938D27C5D6C800B936DE /* Assets.xcassets */ = {isa = PBXFileReference; lastKnownFileType = folder.assetcatalog; path = Assets.xcassets; sourceTree = "<group>"; };
		3B67939227C5D6C800B936DE /* Info.plist */ = {isa = PBXFileReference; lastKnownFileType = text.plist.xml; path = Info.plist; sourceTree = "<group>"; };
		3B67939327C5D6C800B936DE /* main.m */ = {isa = PBXFileReference; lastKnownFileType = sourcecode.c.objc; path = main.m; sourceTree = "<group>"; };
		3B67939927C5D6C800B936DE /* 1701PortalTests.xctest */ = {isa = PBXFileReference; explicitFileType = wrapper.cfbundle; includeInIndex = 0; path = 1701PortalTests.xctest; sourceTree = BUILT_PRODUCTS_DIR; };
		3B67939D27C5D6C800B936DE /* _701PortalTests.m */ = {isa = PBXFileReference; lastKnownFileType = sourcecode.c.objc; path = _701PortalTests.m; sourceTree = "<group>"; };
		3B6793A327C5D6C800B936DE /* 1701PortalUITests.xctest */ = {isa = PBXFileReference; explicitFileType = wrapper.cfbundle; includeInIndex = 0; path = 1701PortalUITests.xctest; sourceTree = BUILT_PRODUCTS_DIR; };
		3B6793A727C5D6C800B936DE /* _701PortalUITests.m */ = {isa = PBXFileReference; lastKnownFileType = sourcecode.c.objc; path = _701PortalUITests.m; sourceTree = "<group>"; };
		3B6793A927C5D6C800B936DE /* _701PortalUITestsLaunchTests.m */ = {isa = PBXFileReference; lastKnownFileType = sourcecode.c.objc; path = _701PortalUITestsLaunchTests.m; sourceTree = "<group>"; };
		3B6793C227CC709900B936DE /* Singleton.h */ = {isa = PBXFileReference; lastKnownFileType = sourcecode.c.h; path = Singleton.h; sourceTree = "<group>"; };
		3B6793C327CC70CB00B936DE /* ConstantsMacro.h */ = {isa = PBXFileReference; lastKnownFileType = sourcecode.c.h; path = ConstantsMacro.h; sourceTree = "<group>"; };
		3B6793C427CC70FA00B936DE /* UIConfigurationFile.h */ = {isa = PBXFileReference; lastKnownFileType = sourcecode.c.h; path = UIConfigurationFile.h; sourceTree = "<group>"; };
		3B6793C527CC71CD00B936DE /* 1701Portal-PrefixHeader.pch */ = {isa = PBXFileReference; lastKnownFileType = sourcecode.c.h; path = "1701Portal-PrefixHeader.pch"; sourceTree = "<group>"; };
		3B67940727CC76B800B936DE /* BaseViewController.h */ = {isa = PBXFileReference; lastKnownFileType = sourcecode.c.h; path = BaseViewController.h; sourceTree = "<group>"; };
		3B67940827CC76B900B936DE /* BaseViewController.m */ = {isa = PBXFileReference; lastKnownFileType = sourcecode.c.objc; path = BaseViewController.m; sourceTree = "<group>"; };
		3B67940A27CC76CB00B936DE /* BaseModel.h */ = {isa = PBXFileReference; lastKnownFileType = sourcecode.c.h; path = BaseModel.h; sourceTree = "<group>"; };
		3B67940B27CC76CC00B936DE /* BaseModel.m */ = {isa = PBXFileReference; lastKnownFileType = sourcecode.c.objc; path = BaseModel.m; sourceTree = "<group>"; };
		3B67940D27CC76F700B936DE /* BaseNavigationController.h */ = {isa = PBXFileReference; lastKnownFileType = sourcecode.c.h; path = BaseNavigationController.h; sourceTree = "<group>"; };
		3B67940E27CC76F700B936DE /* BaseNavigationController.m */ = {isa = PBXFileReference; lastKnownFileType = sourcecode.c.objc; path = BaseNavigationController.m; sourceTree = "<group>"; };
		3B67941327CC773700B936DE /* BaseTabBarController.h */ = {isa = PBXFileReference; lastKnownFileType = sourcecode.c.h; path = BaseTabBarController.h; sourceTree = "<group>"; };
		3B67941427CC773700B936DE /* BaseTabBarController.m */ = {isa = PBXFileReference; lastKnownFileType = sourcecode.c.objc; path = BaseTabBarController.m; sourceTree = "<group>"; };
		3B67941727CC79C400B936DE /* Base */ = {isa = PBXFileReference; lastKnownFileType = file.storyboard; name = Base; path = Base.lproj/LaunchScreen.storyboard; sourceTree = "<group>"; };
		3B67942127CC7CA800B936DE /* UserAccountViewController.h */ = {isa = PBXFileReference; lastKnownFileType = sourcecode.c.h; path = UserAccountViewController.h; sourceTree = "<group>"; };
		3B67942227CC7CA800B936DE /* UserAccountViewController.m */ = {isa = PBXFileReference; lastKnownFileType = sourcecode.c.objc; path = UserAccountViewController.m; sourceTree = "<group>"; };
		3B67942427CC7CBA00B936DE /* HomePageViewController.h */ = {isa = PBXFileReference; lastKnownFileType = sourcecode.c.h; path = HomePageViewController.h; sourceTree = "<group>"; };
		3B67942527CC7CBA00B936DE /* HomePageViewController.m */ = {isa = PBXFileReference; lastKnownFileType = sourcecode.c.objc; path = HomePageViewController.m; sourceTree = "<group>"; };
		3B67942727CC7CCB00B936DE /* MessageViewController.h */ = {isa = PBXFileReference; lastKnownFileType = sourcecode.c.h; path = MessageViewController.h; sourceTree = "<group>"; };
		3B67942827CC7CCB00B936DE /* MessageViewController.m */ = {isa = PBXFileReference; lastKnownFileType = sourcecode.c.objc; path = MessageViewController.m; sourceTree = "<group>"; };
		3B67942A27CCA91200B936DE /* InterfaceConfigurationFile.h */ = {isa = PBXFileReference; lastKnownFileType = sourcecode.c.h; path = InterfaceConfigurationFile.h; sourceTree = "<group>"; };
		3B67942C27CCB33400B936DE /* NetworkEngine.h */ = {isa = PBXFileReference; lastKnownFileType = sourcecode.c.h; path = NetworkEngine.h; sourceTree = "<group>"; };
		3B67942D27CCB33400B936DE /* NetworkEngine.m */ = {isa = PBXFileReference; lastKnownFileType = sourcecode.c.objc; path = NetworkEngine.m; sourceTree = "<group>"; };
		3B67942F27CCBAB500B936DE /* CXUploadDataModel.h */ = {isa = PBXFileReference; lastKnownFileType = sourcecode.c.h; path = CXUploadDataModel.h; sourceTree = "<group>"; };
		3B67943027CCBAB500B936DE /* CXUploadDataModel.m */ = {isa = PBXFileReference; lastKnownFileType = sourcecode.c.objc; path = CXUploadDataModel.m; sourceTree = "<group>"; };
		3B67943227CCBEA700B936DE /* NetworkEngine+NetworkUtil.h */ = {isa = PBXFileReference; lastKnownFileType = sourcecode.c.h; path = "NetworkEngine+NetworkUtil.h"; sourceTree = "<group>"; };
		3B67943327CCBEA700B936DE /* NetworkEngine+NetworkUtil.m */ = {isa = PBXFileReference; lastKnownFileType = sourcecode.c.objc; path = "NetworkEngine+NetworkUtil.m"; sourceTree = "<group>"; };
		3B67943527CCC40A00B936DE /* MBProgressHUD+CXProgressHUD.h */ = {isa = PBXFileReference; lastKnownFileType = sourcecode.c.h; path = "MBProgressHUD+CXProgressHUD.h"; sourceTree = "<group>"; };
		3B67943627CCC40A00B936DE /* MBProgressHUD+CXProgressHUD.m */ = {isa = PBXFileReference; lastKnownFileType = sourcecode.c.objc; path = "MBProgressHUD+CXProgressHUD.m"; sourceTree = "<group>"; };
		3B6C889927D7440100C9BAC6 /* AlipaySDK.bundle */ = {isa = PBXFileReference; lastKnownFileType = "wrapper.plug-in"; path = AlipaySDK.bundle; sourceTree = "<group>"; };
		3B6C889A27D7440200C9BAC6 /* AlipaySDK.framework */ = {isa = PBXFileReference; lastKnownFileType = wrapper.framework; path = AlipaySDK.framework; sourceTree = "<group>"; };
		3B6C889D27D7441A00C9BAC6 /* libc++.tbd */ = {isa = PBXFileReference; lastKnownFileType = "sourcecode.text-based-dylib-definition"; name = "libc++.tbd"; path = "usr/lib/libc++.tbd"; sourceTree = SDKROOT; };
		3B6C889F27D7442100C9BAC6 /* libz.tbd */ = {isa = PBXFileReference; lastKnownFileType = "sourcecode.text-based-dylib-definition"; name = libz.tbd; path = usr/lib/libz.tbd; sourceTree = SDKROOT; };
		3B6C88A127D7442700C9BAC6 /* SystemConfiguration.framework */ = {isa = PBXFileReference; lastKnownFileType = wrapper.framework; name = SystemConfiguration.framework; path = System/Library/Frameworks/SystemConfiguration.framework; sourceTree = SDKROOT; };
		3B6C88A327D7443300C9BAC6 /* CoreTelephony.framework */ = {isa = PBXFileReference; lastKnownFileType = wrapper.framework; name = CoreTelephony.framework; path = System/Library/Frameworks/CoreTelephony.framework; sourceTree = SDKROOT; };
		3B6C88A527D7443B00C9BAC6 /* QuartzCore.framework */ = {isa = PBXFileReference; lastKnownFileType = wrapper.framework; name = QuartzCore.framework; path = System/Library/Frameworks/QuartzCore.framework; sourceTree = SDKROOT; };
		3B6C88A727D7444000C9BAC6 /* CoreText.framework */ = {isa = PBXFileReference; lastKnownFileType = wrapper.framework; name = CoreText.framework; path = System/Library/Frameworks/CoreText.framework; sourceTree = SDKROOT; };
		3B6C88A927D7445600C9BAC6 /* CoreGraphics.framework */ = {isa = PBXFileReference; lastKnownFileType = wrapper.framework; name = CoreGraphics.framework; path = System/Library/Frameworks/CoreGraphics.framework; sourceTree = SDKROOT; };
		3B6C88AB27D7446400C9BAC6 /* UIKit.framework */ = {isa = PBXFileReference; lastKnownFileType = wrapper.framework; name = UIKit.framework; path = System/Library/Frameworks/UIKit.framework; sourceTree = SDKROOT; };
		3B6C88AD27D7446900C9BAC6 /* Foundation.framework */ = {isa = PBXFileReference; lastKnownFileType = wrapper.framework; name = Foundation.framework; path = System/Library/Frameworks/Foundation.framework; sourceTree = SDKROOT; };
		3B6C88AF27D7446E00C9BAC6 /* CFNetwork.framework */ = {isa = PBXFileReference; lastKnownFileType = wrapper.framework; name = CFNetwork.framework; path = System/Library/Frameworks/CFNetwork.framework; sourceTree = SDKROOT; };
		3B6C88B127D7447400C9BAC6 /* CoreMotion.framework */ = {isa = PBXFileReference; lastKnownFileType = wrapper.framework; name = CoreMotion.framework; path = System/Library/Frameworks/CoreMotion.framework; sourceTree = SDKROOT; };
		3B6C88B327D7466E00C9BAC6 /* libcrypto.a */ = {isa = PBXFileReference; lastKnownFileType = archive.ar; path = libcrypto.a; sourceTree = "<group>"; };
		3B6C88B427D7467100C9BAC6 /* libssl.a */ = {isa = PBXFileReference; lastKnownFileType = archive.ar; path = libssl.a; sourceTree = "<group>"; };
		3B6C88B727D746AF00C9BAC6 /* WebKit.framework */ = {isa = PBXFileReference; lastKnownFileType = wrapper.framework; name = WebKit.framework; path = System/Library/Frameworks/WebKit.framework; sourceTree = SDKROOT; };
		3B6C88BA27D74A7800C9BAC6 /* openssl_wrapper.m */ = {isa = PBXFileReference; fileEncoding = 4; lastKnownFileType = sourcecode.c.objc; path = openssl_wrapper.m; sourceTree = "<group>"; };
		3B6C88BB27D74A7800C9BAC6 /* APRSASigner.h */ = {isa = PBXFileReference; fileEncoding = 4; lastKnownFileType = sourcecode.c.h; path = APRSASigner.h; sourceTree = "<group>"; };
		3B6C88BC27D74A7800C9BAC6 /* openssl_wrapper.h */ = {isa = PBXFileReference; fileEncoding = 4; lastKnownFileType = sourcecode.c.h; path = openssl_wrapper.h; sourceTree = "<group>"; };
		3B6C88BD27D74A7800C9BAC6 /* APRSASigner.m */ = {isa = PBXFileReference; fileEncoding = 4; lastKnownFileType = sourcecode.c.objc; path = APRSASigner.m; sourceTree = "<group>"; };
		3B6C88C127D74A9300C9BAC6 /* APOrderInfo.m */ = {isa = PBXFileReference; fileEncoding = 4; lastKnownFileType = sourcecode.c.objc; name = APOrderInfo.m; path = "../../../../../../../../../Downloads/AlipaySDK-standard-15/iOS_Demo/AliSDKDemo/AliSDKDemo/APOrderInfo.m"; sourceTree = "<group>"; };
		3B6C88C227D74A9900C9BAC6 /* APAuthInfo.h */ = {isa = PBXFileReference; fileEncoding = 4; lastKnownFileType = sourcecode.c.h; name = APAuthInfo.h; path = "../../../../../../../../../Downloads/AlipaySDK-standard-15/iOS_Demo/AliSDKDemo/AliSDKDemo/APAuthInfo.h"; sourceTree = "<group>"; };
		3B6C88C327D74A9900C9BAC6 /* APAuthInfo.m */ = {isa = PBXFileReference; fileEncoding = 4; lastKnownFileType = sourcecode.c.objc; name = APAuthInfo.m; path = "../../../../../../../../../Downloads/AlipaySDK-standard-15/iOS_Demo/AliSDKDemo/AliSDKDemo/APAuthInfo.m"; sourceTree = "<group>"; };
		3B6C88C427D74A9900C9BAC6 /* APOrderInfo.h */ = {isa = PBXFileReference; fileEncoding = 4; lastKnownFileType = sourcecode.c.h; name = APOrderInfo.h; path = "../../../../../../../../../Downloads/AlipaySDK-standard-15/iOS_Demo/AliSDKDemo/AliSDKDemo/APOrderInfo.h"; sourceTree = "<group>"; };
		3B6C88C827D74AD000C9BAC6 /* APViewController.h */ = {isa = PBXFileReference; fileEncoding = 4; lastKnownFileType = sourcecode.c.h; name = APViewController.h; path = "../../../../../../../../Downloads/AlipaySDK-standard-15/iOS_Demo/AliSDKDemo/AliSDKDemo/APViewController.h"; sourceTree = "<group>"; };
		3B6C88C927D74AD000C9BAC6 /* APViewController.m */ = {isa = PBXFileReference; fileEncoding = 4; lastKnownFileType = sourcecode.c.objc; name = APViewController.m; path = "../../../../../../../../Downloads/AlipaySDK-standard-15/iOS_Demo/AliSDKDemo/AliSDKDemo/APViewController.m"; sourceTree = "<group>"; };
		3B6C88CC27D74DF200C9BAC6 /* pem2.h */ = {isa = PBXFileReference; fileEncoding = 4; lastKnownFileType = sourcecode.c.h; path = pem2.h; sourceTree = "<group>"; };
		3B6C88CD27D74DF200C9BAC6 /* pem.h */ = {isa = PBXFileReference; fileEncoding = 4; lastKnownFileType = sourcecode.c.h; path = pem.h; sourceTree = "<group>"; };
		3B6C88CE27D74DF200C9BAC6 /* ssl3.h */ = {isa = PBXFileReference; fileEncoding = 4; lastKnownFileType = sourcecode.c.h; path = ssl3.h; sourceTree = "<group>"; };
		3B6C88CF27D74DF200C9BAC6 /* ossl_typ.h */ = {isa = PBXFileReference; fileEncoding = 4; lastKnownFileType = sourcecode.c.h; path = ossl_typ.h; sourceTree = "<group>"; };
		3B6C88D027D74DF200C9BAC6 /* dtls1.h */ = {isa = PBXFileReference; fileEncoding = 4; lastKnownFileType = sourcecode.c.h; path = dtls1.h; sourceTree = "<group>"; };
		3B6C88D127D74DF200C9BAC6 /* err.h */ = {isa = PBXFileReference; fileEncoding = 4; lastKnownFileType = sourcecode.c.h; path = err.h; sourceTree = "<group>"; };
		3B6C88D227D74DF200C9BAC6 /* bn.h */ = {isa = PBXFileReference; fileEncoding = 4; lastKnownFileType = sourcecode.c.h; path = bn.h; sourceTree = "<group>"; };
		3B6C88D327D74DF200C9BAC6 /* blowfish.h */ = {isa = PBXFileReference; fileEncoding = 4; lastKnownFileType = sourcecode.c.h; path = blowfish.h; sourceTree = "<group>"; };
		3B6C88D427D74DF200C9BAC6 /* cms.h */ = {isa = PBXFileReference; fileEncoding = 4; lastKnownFileType = sourcecode.c.h; path = cms.h; sourceTree = "<group>"; };
		3B6C88D527D74DF200C9BAC6 /* engine.h */ = {isa = PBXFileReference; fileEncoding = 4; lastKnownFileType = sourcecode.c.h; path = engine.h; sourceTree = "<group>"; };
		3B6C88D627D74DF200C9BAC6 /* conf_api.h */ = {isa = PBXFileReference; fileEncoding = 4; lastKnownFileType = sourcecode.c.h; path = conf_api.h; sourceTree = "<group>"; };
		3B6C88D727D74DF200C9BAC6 /* x509.h */ = {isa = PBXFileReference; fileEncoding = 4; lastKnownFileType = sourcecode.c.h; path = x509.h; sourceTree = "<group>"; };
		3B6C88D827D74DF200C9BAC6 /* asn1_mac.h */ = {isa = PBXFileReference; fileEncoding = 4; lastKnownFileType = sourcecode.c.h; path = asn1_mac.h; sourceTree = "<group>"; };
		3B6C88D927D74DF200C9BAC6 /* ui.h */ = {isa = PBXFileReference; fileEncoding = 4; lastKnownFileType = sourcecode.c.h; path = ui.h; sourceTree = "<group>"; };
		3B6C88DA27D74DF200C9BAC6 /* kssl.h */ = {isa = PBXFileReference; fileEncoding = 4; lastKnownFileType = sourcecode.c.h; path = kssl.h; sourceTree = "<group>"; };
		3B6C88DB27D74DF300C9BAC6 /* sha.h */ = {isa = PBXFileReference; fileEncoding = 4; lastKnownFileType = sourcecode.c.h; path = sha.h; sourceTree = "<group>"; };
		3B6C88DC27D74DF300C9BAC6 /* symhacks.h */ = {isa = PBXFileReference; fileEncoding = 4; lastKnownFileType = sourcecode.c.h; path = symhacks.h; sourceTree = "<group>"; };
		3B6C88DD27D74DF300C9BAC6 /* asn1.h */ = {isa = PBXFileReference; fileEncoding = 4; lastKnownFileType = sourcecode.c.h; path = asn1.h; sourceTree = "<group>"; };
		3B6C88DE27D74DF300C9BAC6 /* opensslconf.h */ = {isa = PBXFileReference; fileEncoding = 4; lastKnownFileType = sourcecode.c.h; path = opensslconf.h; sourceTree = "<group>"; };
		3B6C88DF27D74DF300C9BAC6 /* bio.h */ = {isa = PBXFileReference; fileEncoding = 4; lastKnownFileType = sourcecode.c.h; path = bio.h; sourceTree = "<group>"; };
		3B6C88E027D74DF300C9BAC6 /* rc2.h */ = {isa = PBXFileReference; fileEncoding = 4; lastKnownFileType = sourcecode.c.h; path = rc2.h; sourceTree = "<group>"; };
		3B6C88E127D74DF300C9BAC6 /* dh.h */ = {isa = PBXFileReference; fileEncoding = 4; lastKnownFileType = sourcecode.c.h; path = dh.h; sourceTree = "<group>"; };
		3B6C88E227D74DF300C9BAC6 /* ui_compat.h */ = {isa = PBXFileReference; fileEncoding = 4; lastKnownFileType = sourcecode.c.h; path = ui_compat.h; sourceTree = "<group>"; };
		3B6C88E327D74DF300C9BAC6 /* x509v3.h */ = {isa = PBXFileReference; fileEncoding = 4; lastKnownFileType = sourcecode.c.h; path = x509v3.h; sourceTree = "<group>"; };
		3B6C88E427D74DF300C9BAC6 /* ssl23.h */ = {isa = PBXFileReference; fileEncoding = 4; lastKnownFileType = sourcecode.c.h; path = ssl23.h; sourceTree = "<group>"; };
		3B6C88E527D74DF300C9BAC6 /* conf.h */ = {isa = PBXFileReference; fileEncoding = 4; lastKnownFileType = sourcecode.c.h; path = conf.h; sourceTree = "<group>"; };
		3B6C88E627D74DF300C9BAC6 /* md5.h */ = {isa = PBXFileReference; fileEncoding = 4; lastKnownFileType = sourcecode.c.h; path = md5.h; sourceTree = "<group>"; };
		3B6C88E727D74DF300C9BAC6 /* x509_vfy.h */ = {isa = PBXFileReference; fileEncoding = 4; lastKnownFileType = sourcecode.c.h; path = x509_vfy.h; sourceTree = "<group>"; };
		3B6C88E827D74DF300C9BAC6 /* txt_db.h */ = {isa = PBXFileReference; fileEncoding = 4; lastKnownFileType = sourcecode.c.h; path = txt_db.h; sourceTree = "<group>"; };
		3B6C88E927D74DF300C9BAC6 /* safestack.h */ = {isa = PBXFileReference; fileEncoding = 4; lastKnownFileType = sourcecode.c.h; path = safestack.h; sourceTree = "<group>"; };
		3B6C88EA27D74DF300C9BAC6 /* ecdsa.h */ = {isa = PBXFileReference; fileEncoding = 4; lastKnownFileType = sourcecode.c.h; path = ecdsa.h; sourceTree = "<group>"; };
		3B6C88EB27D74DF300C9BAC6 /* objects.h */ = {isa = PBXFileReference; fileEncoding = 4; lastKnownFileType = sourcecode.c.h; path = objects.h; sourceTree = "<group>"; };
		3B6C88EC27D74DF300C9BAC6 /* pkcs12.h */ = {isa = PBXFileReference; fileEncoding = 4; lastKnownFileType = sourcecode.c.h; path = pkcs12.h; sourceTree = "<group>"; };
		3B6C88ED27D74DF300C9BAC6 /* crypto.h */ = {isa = PBXFileReference; fileEncoding = 4; lastKnownFileType = sourcecode.c.h; path = crypto.h; sourceTree = "<group>"; };
		3B6C88EE27D74DF300C9BAC6 /* opensslv.h */ = {isa = PBXFileReference; fileEncoding = 4; lastKnownFileType = sourcecode.c.h; path = opensslv.h; sourceTree = "<group>"; };
		3B6C88EF27D74DF300C9BAC6 /* pkcs7.h */ = {isa = PBXFileReference; fileEncoding = 4; lastKnownFileType = sourcecode.c.h; path = pkcs7.h; sourceTree = "<group>"; };
		3B6C88F027D74DF300C9BAC6 /* obj_mac.h */ = {isa = PBXFileReference; fileEncoding = 4; lastKnownFileType = sourcecode.c.h; path = obj_mac.h; sourceTree = "<group>"; };
		3B6C88F127D74DF300C9BAC6 /* buffer.h */ = {isa = PBXFileReference; fileEncoding = 4; lastKnownFileType = sourcecode.c.h; path = buffer.h; sourceTree = "<group>"; };
		3B6C88F227D74DF300C9BAC6 /* ssl.h */ = {isa = PBXFileReference; fileEncoding = 4; lastKnownFileType = sourcecode.c.h; path = ssl.h; sourceTree = "<group>"; };
		3B6C88F327D74DF300C9BAC6 /* srp.h */ = {isa = PBXFileReference; fileEncoding = 4; lastKnownFileType = sourcecode.c.h; path = srp.h; sourceTree = "<group>"; };
		3B6C88F427D74DF300C9BAC6 /* camellia.h */ = {isa = PBXFileReference; fileEncoding = 4; lastKnownFileType = sourcecode.c.h; path = camellia.h; sourceTree = "<group>"; };
		3B6C88F527D74DF300C9BAC6 /* evp.h */ = {isa = PBXFileReference; fileEncoding = 4; lastKnownFileType = sourcecode.c.h; path = evp.h; sourceTree = "<group>"; };
		3B6C88F627D74DF300C9BAC6 /* e_os2.h */ = {isa = PBXFileReference; fileEncoding = 4; lastKnownFileType = sourcecode.c.h; path = e_os2.h; sourceTree = "<group>"; };
		3B6C88F727D74DF300C9BAC6 /* md4.h */ = {isa = PBXFileReference; fileEncoding = 4; lastKnownFileType = sourcecode.c.h; path = md4.h; sourceTree = "<group>"; };
		3B6C88F827D74DF300C9BAC6 /* hmac.h */ = {isa = PBXFileReference; fileEncoding = 4; lastKnownFileType = sourcecode.c.h; path = hmac.h; sourceTree = "<group>"; };
		3B6C88F927D74DF300C9BAC6 /* aes.h */ = {isa = PBXFileReference; fileEncoding = 4; lastKnownFileType = sourcecode.c.h; path = aes.h; sourceTree = "<group>"; };
		3B6C88FA27D74DF300C9BAC6 /* comp.h */ = {isa = PBXFileReference; fileEncoding = 4; lastKnownFileType = sourcecode.c.h; path = comp.h; sourceTree = "<group>"; };
		3B6C88FB27D74DF300C9BAC6 /* cast.h */ = {isa = PBXFileReference; fileEncoding = 4; lastKnownFileType = sourcecode.c.h; path = cast.h; sourceTree = "<group>"; };
		3B6C88FC27D74DF300C9BAC6 /* rc4.h */ = {isa = PBXFileReference; fileEncoding = 4; lastKnownFileType = sourcecode.c.h; path = rc4.h; sourceTree = "<group>"; };
		3B6C88FD27D74DF300C9BAC6 /* stack.h */ = {isa = PBXFileReference; fileEncoding = 4; lastKnownFileType = sourcecode.c.h; path = stack.h; sourceTree = "<group>"; };
		3B6C88FE27D74DF300C9BAC6 /* des.h */ = {isa = PBXFileReference; fileEncoding = 4; lastKnownFileType = sourcecode.c.h; path = des.h; sourceTree = "<group>"; };
		3B6C88FF27D74DF300C9BAC6 /* ocsp.h */ = {isa = PBXFileReference; fileEncoding = 4; lastKnownFileType = sourcecode.c.h; path = ocsp.h; sourceTree = "<group>"; };
		3B6C890027D74DF300C9BAC6 /* ec.h */ = {isa = PBXFileReference; fileEncoding = 4; lastKnownFileType = sourcecode.c.h; path = ec.h; sourceTree = "<group>"; };
		3B6C890127D74DF300C9BAC6 /* ecdh.h */ = {isa = PBXFileReference; fileEncoding = 4; lastKnownFileType = sourcecode.c.h; path = ecdh.h; sourceTree = "<group>"; };
		3B6C890227D74DF300C9BAC6 /* rand.h */ = {isa = PBXFileReference; fileEncoding = 4; lastKnownFileType = sourcecode.c.h; path = rand.h; sourceTree = "<group>"; };
		3B6C890327D74DF300C9BAC6 /* ts.h */ = {isa = PBXFileReference; fileEncoding = 4; lastKnownFileType = sourcecode.c.h; path = ts.h; sourceTree = "<group>"; };
		3B6C890427D74DF300C9BAC6 /* pqueue.h */ = {isa = PBXFileReference; fileEncoding = 4; lastKnownFileType = sourcecode.c.h; path = pqueue.h; sourceTree = "<group>"; };
		3B6C890527D74DF300C9BAC6 /* dso.h */ = {isa = PBXFileReference; fileEncoding = 4; lastKnownFileType = sourcecode.c.h; path = dso.h; sourceTree = "<group>"; };
		3B6C890627D74DF300C9BAC6 /* seed.h */ = {isa = PBXFileReference; fileEncoding = 4; lastKnownFileType = sourcecode.c.h; path = seed.h; sourceTree = "<group>"; };
		3B6C890727D74DF300C9BAC6 /* modes.h */ = {isa = PBXFileReference; fileEncoding = 4; lastKnownFileType = sourcecode.c.h; path = modes.h; sourceTree = "<group>"; };
		3B6C890827D74DF300C9BAC6 /* ssl2.h */ = {isa = PBXFileReference; fileEncoding = 4; lastKnownFileType = sourcecode.c.h; path = ssl2.h; sourceTree = "<group>"; };
		3B6C890927D74DF300C9BAC6 /* rsa.h */ = {isa = PBXFileReference; fileEncoding = 4; lastKnownFileType = sourcecode.c.h; path = rsa.h; sourceTree = "<group>"; };
		3B6C890A27D74DF300C9BAC6 /* krb5_asn.h */ = {isa = PBXFileReference; fileEncoding = 4; lastKnownFileType = sourcecode.c.h; path = krb5_asn.h; sourceTree = "<group>"; };
		3B6C890B27D74DF300C9BAC6 /* des_old.h */ = {isa = PBXFileReference; fileEncoding = 4; lastKnownFileType = sourcecode.c.h; path = des_old.h; sourceTree = "<group>"; };
		3B6C890C27D74DF300C9BAC6 /* ripemd.h */ = {isa = PBXFileReference; fileEncoding = 4; lastKnownFileType = sourcecode.c.h; path = ripemd.h; sourceTree = "<group>"; };
		3B6C890D27D74DF300C9BAC6 /* whrlpool.h */ = {isa = PBXFileReference; fileEncoding = 4; lastKnownFileType = sourcecode.c.h; path = whrlpool.h; sourceTree = "<group>"; };
		3B6C890E27D74DF300C9BAC6 /* tls1.h */ = {isa = PBXFileReference; fileEncoding = 4; lastKnownFileType = sourcecode.c.h; path = tls1.h; sourceTree = "<group>"; };
		3B6C890F27D74DF300C9BAC6 /* mdc2.h */ = {isa = PBXFileReference; fileEncoding = 4; lastKnownFileType = sourcecode.c.h; path = mdc2.h; sourceTree = "<group>"; };
		3B6C891027D74DF300C9BAC6 /* dsa.h */ = {isa = PBXFileReference; fileEncoding = 4; lastKnownFileType = sourcecode.c.h; path = dsa.h; sourceTree = "<group>"; };
		3B6C891127D74DF300C9BAC6 /* srtp.h */ = {isa = PBXFileReference; fileEncoding = 4; lastKnownFileType = sourcecode.c.h; path = srtp.h; sourceTree = "<group>"; };
		3B6C891227D74DF300C9BAC6 /* asn1t.h */ = {isa = PBXFileReference; fileEncoding = 4; lastKnownFileType = sourcecode.c.h; path = asn1t.h; sourceTree = "<group>"; };
		3B6C891327D74DF300C9BAC6 /* cmac.h */ = {isa = PBXFileReference; fileEncoding = 4; lastKnownFileType = sourcecode.c.h; path = cmac.h; sourceTree = "<group>"; };
		3B6C891427D74DF300C9BAC6 /* ebcdic.h */ = {isa = PBXFileReference; fileEncoding = 4; lastKnownFileType = sourcecode.c.h; path = ebcdic.h; sourceTree = "<group>"; };
		3B6C891527D74DF300C9BAC6 /* idea.h */ = {isa = PBXFileReference; fileEncoding = 4; lastKnownFileType = sourcecode.c.h; path = idea.h; sourceTree = "<group>"; };
		3B6C891627D74DF300C9BAC6 /* lhash.h */ = {isa = PBXFileReference; fileEncoding = 4; lastKnownFileType = sourcecode.c.h; path = lhash.h; sourceTree = "<group>"; };
		3B6C891727D7500E00C9BAC6 /* libsqlite3.0.tbd */ = {isa = PBXFileReference; lastKnownFileType = "sourcecode.text-based-dylib-definition"; name = libsqlite3.0.tbd; path = usr/lib/libsqlite3.0.tbd; sourceTree = SDKROOT; };
		3B6C891A27D84D0E00C9BAC6 /* HomePageCollectionViewCell.m */ = {isa = PBXFileReference; fileEncoding = 4; lastKnownFileType = sourcecode.c.objc; path = HomePageCollectionViewCell.m; sourceTree = "<group>"; };
		3B6C891B27D84D0E00C9BAC6 /* HomePageHeaderCollectionReusableView.m */ = {isa = PBXFileReference; fileEncoding = 4; lastKnownFileType = sourcecode.c.objc; path = HomePageHeaderCollectionReusableView.m; sourceTree = "<group>"; };
		3B6C891C27D84D0E00C9BAC6 /* HomePageCollectionViewCell.h */ = {isa = PBXFileReference; fileEncoding = 4; lastKnownFileType = sourcecode.c.h; path = HomePageCollectionViewCell.h; sourceTree = "<group>"; };
		3B6C891D27D84D0E00C9BAC6 /* HomePageHeaderCollectionReusableView.h */ = {isa = PBXFileReference; fileEncoding = 4; lastKnownFileType = sourcecode.c.h; path = HomePageHeaderCollectionReusableView.h; sourceTree = "<group>"; };
		3B7C04E527D894F700F465FB /* BaseView.h */ = {isa = PBXFileReference; lastKnownFileType = sourcecode.c.h; path = BaseView.h; sourceTree = "<group>"; };
		3B7C04E627D894F700F465FB /* BaseView.m */ = {isa = PBXFileReference; lastKnownFileType = sourcecode.c.objc; path = BaseView.m; sourceTree = "<group>"; };
		3B7C04E827D8952400F465FB /* BaseCollectionViewCell.h */ = {isa = PBXFileReference; lastKnownFileType = sourcecode.c.h; path = BaseCollectionViewCell.h; sourceTree = "<group>"; };
		3B7C04E927D8952400F465FB /* BaseCollectionViewCell.m */ = {isa = PBXFileReference; lastKnownFileType = sourcecode.c.objc; path = BaseCollectionViewCell.m; sourceTree = "<group>"; };
		3B7C04EB27D895DB00F465FB /* BaseCollectionReusableView.h */ = {isa = PBXFileReference; lastKnownFileType = sourcecode.c.h; path = BaseCollectionReusableView.h; sourceTree = "<group>"; };
		3B7C04EC27D895DB00F465FB /* BaseCollectionReusableView.m */ = {isa = PBXFileReference; lastKnownFileType = sourcecode.c.objc; path = BaseCollectionReusableView.m; sourceTree = "<group>"; };
		3B7C04EE27D8967400F465FB /* BaseTableViewCell.h */ = {isa = PBXFileReference; lastKnownFileType = sourcecode.c.h; path = BaseTableViewCell.h; sourceTree = "<group>"; };
		3B7C04EF27D8967400F465FB /* BaseTableViewCell.m */ = {isa = PBXFileReference; lastKnownFileType = sourcecode.c.objc; path = BaseTableViewCell.m; sourceTree = "<group>"; };
		3B7C04F127D89A1000F465FB /* UserInfoView.h */ = {isa = PBXFileReference; lastKnownFileType = sourcecode.c.h; path = UserInfoView.h; sourceTree = "<group>"; };
		3B7C04F227D89A1000F465FB /* UserInfoView.m */ = {isa = PBXFileReference; lastKnownFileType = sourcecode.c.objc; path = UserInfoView.m; sourceTree = "<group>"; };
		3B7C04F427D89A5E00F465FB /* CellView.h */ = {isa = PBXFileReference; lastKnownFileType = sourcecode.c.h; path = CellView.h; sourceTree = "<group>"; };
		3B7C04F527D89A5E00F465FB /* CellView.m */ = {isa = PBXFileReference; lastKnownFileType = sourcecode.c.objc; path = CellView.m; sourceTree = "<group>"; };
		3B7C04F727D89C8400F465FB /* UIColor+Hex.m */ = {isa = PBXFileReference; fileEncoding = 4; lastKnownFileType = sourcecode.c.objc; path = "UIColor+Hex.m"; sourceTree = "<group>"; };
		3B7C04F827D89C8400F465FB /* UIColor+Hex.h */ = {isa = PBXFileReference; fileEncoding = 4; lastKnownFileType = sourcecode.c.h; path = "UIColor+Hex.h"; sourceTree = "<group>"; };
		3B7C04FB27D9D9D300F465FB /* NaviBar.m */ = {isa = PBXFileReference; fileEncoding = 4; lastKnownFileType = sourcecode.c.objc; path = NaviBar.m; sourceTree = "<group>"; };
		3B7C04FC27D9D9D300F465FB /* NaviBar.h */ = {isa = PBXFileReference; fileEncoding = 4; lastKnownFileType = sourcecode.c.h; path = NaviBar.h; sourceTree = "<group>"; };
		3B7C04FE27D9DC5E00F465FB /* UIView+Utils.h */ = {isa = PBXFileReference; fileEncoding = 4; lastKnownFileType = sourcecode.c.h; path = "UIView+Utils.h"; sourceTree = "<group>"; };
		3B7C04FF27D9DC5F00F465FB /* UIView+Utils.m */ = {isa = PBXFileReference; fileEncoding = 4; lastKnownFileType = sourcecode.c.objc; path = "UIView+Utils.m"; sourceTree = "<group>"; };
		3B7C050127D9DD9E00F465FB /* UIDevice+Util.h */ = {isa = PBXFileReference; fileEncoding = 4; lastKnownFileType = sourcecode.c.h; path = "UIDevice+Util.h"; sourceTree = "<group>"; };
		3B7C050227D9DD9F00F465FB /* UIDevice+Util.m */ = {isa = PBXFileReference; fileEncoding = 4; lastKnownFileType = sourcecode.c.objc; path = "UIDevice+Util.m"; sourceTree = "<group>"; };
		3B7C051927D9E97800F465FB /* MyOrderViewController.h */ = {isa = PBXFileReference; lastKnownFileType = sourcecode.c.h; path = MyOrderViewController.h; sourceTree = "<group>"; };
		3B7C051A27D9E97800F465FB /* MyOrderViewController.m */ = {isa = PBXFileReference; lastKnownFileType = sourcecode.c.objc; path = MyOrderViewController.m; sourceTree = "<group>"; };
		3B7C051C27D9E98600F465FB /* MyCollectViewController.h */ = {isa = PBXFileReference; lastKnownFileType = sourcecode.c.h; path = MyCollectViewController.h; sourceTree = "<group>"; };
		3B7C051D27D9E98600F465FB /* MyCollectViewController.m */ = {isa = PBXFileReference; lastKnownFileType = sourcecode.c.objc; path = MyCollectViewController.m; sourceTree = "<group>"; };
		3B7C051F27D9E99300F465FB /* ShippingAddressViewController.h */ = {isa = PBXFileReference; lastKnownFileType = sourcecode.c.h; path = ShippingAddressViewController.h; sourceTree = "<group>"; };
		3B7C052027D9E99300F465FB /* ShippingAddressViewController.m */ = {isa = PBXFileReference; lastKnownFileType = sourcecode.c.objc; path = ShippingAddressViewController.m; sourceTree = "<group>"; };
		3B7C052227D9E99F00F465FB /* ContactInformationViewController.h */ = {isa = PBXFileReference; lastKnownFileType = sourcecode.c.h; path = ContactInformationViewController.h; sourceTree = "<group>"; };
		3B7C052327D9E99F00F465FB /* ContactInformationViewController.m */ = {isa = PBXFileReference; lastKnownFileType = sourcecode.c.objc; path = ContactInformationViewController.m; sourceTree = "<group>"; };
		3B7C052527D9EC9700F465FB /* MyOrderPageViewController.h */ = {isa = PBXFileReference; lastKnownFileType = sourcecode.c.h; path = MyOrderPageViewController.h; sourceTree = "<group>"; };
		3B7C052627D9EC9700F465FB /* MyOrderPageViewController.m */ = {isa = PBXFileReference; lastKnownFileType = sourcecode.c.objc; path = MyOrderPageViewController.m; sourceTree = "<group>"; };
		3B9F8AC727CE104E00ACA161 /* PagingViewController.h */ = {isa = PBXFileReference; lastKnownFileType = sourcecode.c.h; path = PagingViewController.h; sourceTree = "<group>"; };
		3B9F8AC827CE104E00ACA161 /* PagingViewController.m */ = {isa = PBXFileReference; lastKnownFileType = sourcecode.c.objc; path = PagingViewController.m; sourceTree = "<group>"; };
		3B9F8ACA27CE10C500ACA161 /* PagingViewTableHeaderView.h */ = {isa = PBXFileReference; lastKnownFileType = sourcecode.c.h; path = PagingViewTableHeaderView.h; sourceTree = "<group>"; };
		3B9F8ACB27CE10C500ACA161 /* PagingViewTableHeaderView.m */ = {isa = PBXFileReference; lastKnownFileType = sourcecode.c.objc; path = PagingViewTableHeaderView.m; sourceTree = "<group>"; };
		3B9F8ACD27CE112700ACA161 /* ListViewController.h */ = {isa = PBXFileReference; lastKnownFileType = sourcecode.c.h; path = ListViewController.h; sourceTree = "<group>"; };
		3B9F8ACE27CE112700ACA161 /* ListViewController.m */ = {isa = PBXFileReference; lastKnownFileType = sourcecode.c.objc; path = ListViewController.m; sourceTree = "<group>"; };
		7B68A95A8D39B2987FD77CA0 /* Pods_1701Portal.framework */ = {isa = PBXFileReference; explicitFileType = wrapper.framework; includeInIndex = 0; path = Pods_1701Portal.framework; sourceTree = BUILT_PRODUCTS_DIR; };
		801A8BA9D3B3E5C8DE03675A /* Pods-1701PortalTests.release.xcconfig */ = {isa = PBXFileReference; includeInIndex = 1; lastKnownFileType = text.xcconfig; name = "Pods-1701PortalTests.release.xcconfig"; path = "Target Support Files/Pods-1701PortalTests/Pods-1701PortalTests.release.xcconfig"; sourceTree = "<group>"; };
		9582CD62AB5CDBBEB742F4E1 /* Pods_1701PortalTests.framework */ = {isa = PBXFileReference; explicitFileType = wrapper.framework; includeInIndex = 0; path = Pods_1701PortalTests.framework; sourceTree = BUILT_PRODUCTS_DIR; };
		9AA73B9B4AC293DC6CC2C8B5 /* Pods-1701Portal.debug.xcconfig */ = {isa = PBXFileReference; includeInIndex = 1; lastKnownFileType = text.xcconfig; name = "Pods-1701Portal.debug.xcconfig"; path = "Target Support Files/Pods-1701Portal/Pods-1701Portal.debug.xcconfig"; sourceTree = "<group>"; };
		E58AAB64F9864D9CEAEE4F61 /* Pods-1701Portal.release.xcconfig */ = {isa = PBXFileReference; includeInIndex = 1; lastKnownFileType = text.xcconfig; name = "Pods-1701Portal.release.xcconfig"; path = "Target Support Files/Pods-1701Portal/Pods-1701Portal.release.xcconfig"; sourceTree = "<group>"; };
		E94C545995EE49BC1CD19A9F /* Pods-1701Portal-1701PortalUITests.release.xcconfig */ = {isa = PBXFileReference; includeInIndex = 1; lastKnownFileType = text.xcconfig; name = "Pods-1701Portal-1701PortalUITests.release.xcconfig"; path = "Target Support Files/Pods-1701Portal-1701PortalUITests/Pods-1701Portal-1701PortalUITests.release.xcconfig"; sourceTree = "<group>"; };
/* End PBXFileReference section */

/* Begin PBXFrameworksBuildPhase section */
		3B67937B27C5D6C600B936DE /* Frameworks */ = {
			isa = PBXFrameworksBuildPhase;
			buildActionMask = 2147483647;
			files = (
				3B6C88B827D746AF00C9BAC6 /* WebKit.framework in Frameworks */,
				3B6C88B227D7447400C9BAC6 /* CoreMotion.framework in Frameworks */,
				3B6C88B027D7446E00C9BAC6 /* CFNetwork.framework in Frameworks */,
				3B6C88AE27D7446900C9BAC6 /* Foundation.framework in Frameworks */,
				3B6C88AC27D7446400C9BAC6 /* UIKit.framework in Frameworks */,
				3B6C88AA27D7445B00C9BAC6 /* CoreGraphics.framework in Frameworks */,
				3B6C891827D7502400C9BAC6 /* libsqlite3.0.tbd in Frameworks */,
				3B6C88B627D7467100C9BAC6 /* libssl.a in Frameworks */,
				3B6C88A827D7444000C9BAC6 /* CoreText.framework in Frameworks */,
				3B6C88B527D7467100C9BAC6 /* libcrypto.a in Frameworks */,
				3B6C88A627D7443B00C9BAC6 /* QuartzCore.framework in Frameworks */,
				3B6C88A427D7443300C9BAC6 /* CoreTelephony.framework in Frameworks */,
				3B6C88A227D7442800C9BAC6 /* SystemConfiguration.framework in Frameworks */,
				3B6C88A027D7442100C9BAC6 /* libz.tbd in Frameworks */,
				3B6C889E27D7441A00C9BAC6 /* libc++.tbd in Frameworks */,
				4E30E9086A3F04C66B2A6FF9 /* Pods_1701Portal.framework in Frameworks */,
				3B6C889C27D7440200C9BAC6 /* AlipaySDK.framework in Frameworks */,
			);
			runOnlyForDeploymentPostprocessing = 0;
		};
		3B67939627C5D6C800B936DE /* Frameworks */ = {
			isa = PBXFrameworksBuildPhase;
			buildActionMask = 2147483647;
			files = (
				CB0C38D227D01178A40F366C /* Pods_1701PortalTests.framework in Frameworks */,
			);
			runOnlyForDeploymentPostprocessing = 0;
		};
		3B6793A027C5D6C800B936DE /* Frameworks */ = {
			isa = PBXFrameworksBuildPhase;
			buildActionMask = 2147483647;
			files = (
				AD4A9427CF1DDDF02A461FA5 /* Pods_1701Portal_1701PortalUITests.framework in Frameworks */,
			);
			runOnlyForDeploymentPostprocessing = 0;
		};
/* End PBXFrameworksBuildPhase section */

/* Begin PBXGroup section */
		3B67937527C5D6C600B936DE = {
			isa = PBXGroup;
			children = (
				3B67938027C5D6C600B936DE /* 1701Portal */,
				3B67939C27C5D6C800B936DE /* 1701PortalTests */,
				3B6793A627C5D6C800B936DE /* 1701PortalUITests */,
				3B67937F27C5D6C600B936DE /* Products */,
				66755F9DA23631756CB3D72D /* Pods */,
				47B89EB3A2A562AEE212911A /* Frameworks */,
			);
			sourceTree = "<group>";
		};
		3B67937F27C5D6C600B936DE /* Products */ = {
			isa = PBXGroup;
			children = (
				3B67937E27C5D6C600B936DE /* 1701Portal.app */,
				3B67939927C5D6C800B936DE /* 1701PortalTests.xctest */,
				3B6793A327C5D6C800B936DE /* 1701PortalUITests.xctest */,
			);
			name = Products;
			sourceTree = "<group>";
		};
		3B67938027C5D6C600B936DE /* 1701Portal */ = {
			isa = PBXGroup;
			children = (
				3B67938127C5D6C600B936DE /* AppDelegate.h */,
				3B67938227C5D6C600B936DE /* AppDelegate.m */,
				3B67938427C5D6C600B936DE /* SceneDelegate.h */,
				3B67938527C5D6C600B936DE /* SceneDelegate.m */,
				3B67938727C5D6C600B936DE /* ViewController.h */,
				3B67938827C5D6C600B936DE /* ViewController.m */,
				3B67938A27C5D6C600B936DE /* Main.storyboard */,
				3B67938D27C5D6C800B936DE /* Assets.xcassets */,
				3B67941627CC79C400B936DE /* LaunchScreen.storyboard */,
				3B67939227C5D6C800B936DE /* Info.plist */,
				3B67939327C5D6C800B936DE /* main.m */,
				3B6793BF27CC6F9300B936DE /* Class */,
				3B6793BE27CC6F6F00B936DE /* Category */,
				3B6793BD27CC6F6000B936DE /* Tools */,
				3B6793BC27CC6F3100B936DE /* Config */,
			);
			path = 1701Portal;
			sourceTree = "<group>";
		};
		3B67939C27C5D6C800B936DE /* 1701PortalTests */ = {
			isa = PBXGroup;
			children = (
				3B67939D27C5D6C800B936DE /* _701PortalTests.m */,
			);
			path = 1701PortalTests;
			sourceTree = "<group>";
		};
		3B6793A627C5D6C800B936DE /* 1701PortalUITests */ = {
			isa = PBXGroup;
			children = (
				3B6793A727C5D6C800B936DE /* _701PortalUITests.m */,
				3B6793A927C5D6C800B936DE /* _701PortalUITestsLaunchTests.m */,
			);
			path = 1701PortalUITests;
			sourceTree = "<group>";
		};
		3B6793BC27CC6F3100B936DE /* Config */ = {
			isa = PBXGroup;
			children = (
				3B6793C227CC709900B936DE /* Singleton.h */,
				3B6793C327CC70CB00B936DE /* ConstantsMacro.h */,
				3B6793C427CC70FA00B936DE /* UIConfigurationFile.h */,
				3B67942A27CCA91200B936DE /* InterfaceConfigurationFile.h */,
				3B6793C527CC71CD00B936DE /* 1701Portal-PrefixHeader.pch */,
			);
			path = Config;
			sourceTree = "<group>";
		};
		3B6793BD27CC6F6000B936DE /* Tools */ = {
			isa = PBXGroup;
			children = (
			);
			path = Tools;
			sourceTree = "<group>";
		};
		3B6793BE27CC6F6F00B936DE /* Category */ = {
			isa = PBXGroup;
			children = (
				3B7C050127D9DD9E00F465FB /* UIDevice+Util.h */,
				3B7C050227D9DD9F00F465FB /* UIDevice+Util.m */,
				3B7C04FE27D9DC5E00F465FB /* UIView+Utils.h */,
				3B7C04FF27D9DC5F00F465FB /* UIView+Utils.m */,
				3B7C04F827D89C8400F465FB /* UIColor+Hex.h */,
				3B7C04F727D89C8400F465FB /* UIColor+Hex.m */,
				3B67943527CCC40A00B936DE /* MBProgressHUD+CXProgressHUD.h */,
				3B67943627CCC40A00B936DE /* MBProgressHUD+CXProgressHUD.m */,
			);
			path = Category;
			sourceTree = "<group>";
		};
		3B6793BF27CC6F9300B936DE /* Class */ = {
			isa = PBXGroup;
			children = (
				3B6C889627D743B800C9BAC6 /* Pay */,
				3B9F8AC627CE101700ACA161 /* PagingViewController */,
				3B67942B27CCADA100B936DE /* Network */,
				3B67941A27CC7C4900B936DE /* Message */,
				3B67941927CC7C3D00B936DE /* HomePage */,
				3B6793C127CC6FBA00B936DE /* UserAccount */,
				3B6793C027CC6F9D00B936DE /* BaseClass */,
			);
			path = Class;
			sourceTree = "<group>";
		};
		3B6793C027CC6F9D00B936DE /* BaseClass */ = {
			isa = PBXGroup;
			children = (
				3B7C04FA27D9D9D300F465FB /* NavigationBar */,
				3B67940727CC76B800B936DE /* BaseViewController.h */,
				3B67940827CC76B900B936DE /* BaseViewController.m */,
				3B67940A27CC76CB00B936DE /* BaseModel.h */,
				3B67940B27CC76CC00B936DE /* BaseModel.m */,
				3B67940D27CC76F700B936DE /* BaseNavigationController.h */,
				3B67940E27CC76F700B936DE /* BaseNavigationController.m */,
				3B67941327CC773700B936DE /* BaseTabBarController.h */,
				3B67941427CC773700B936DE /* BaseTabBarController.m */,
				3B7C04E527D894F700F465FB /* BaseView.h */,
				3B7C04E627D894F700F465FB /* BaseView.m */,
				3B7C04E827D8952400F465FB /* BaseCollectionViewCell.h */,
				3B7C04E927D8952400F465FB /* BaseCollectionViewCell.m */,
				3B7C04EB27D895DB00F465FB /* BaseCollectionReusableView.h */,
				3B7C04EC27D895DB00F465FB /* BaseCollectionReusableView.m */,
				3B7C04EE27D8967400F465FB /* BaseTableViewCell.h */,
				3B7C04EF27D8967400F465FB /* BaseTableViewCell.m */,
			);
			path = BaseClass;
			sourceTree = "<group>";
		};
		3B6793C127CC6FBA00B936DE /* UserAccount */ = {
			isa = PBXGroup;
			children = (
				3B7C050427D9E82E00F465FB /* SecondVC */,
				3B7C04E427D893A500F465FB /* View */,
				3B67942027CC7C8E00B936DE /* Model */,
				3B67941B27CC7C6200B936DE /* ViewController */,
			);
			path = UserAccount;
			sourceTree = "<group>";
		};
		3B67941927CC7C3D00B936DE /* HomePage */ = {
			isa = PBXGroup;
			children = (
				3B6C891927D84D0E00C9BAC6 /* View */,
				3B67941F27CC7C8700B936DE /* Model */,
				3B67941C27CC7C7100B936DE /* ViewController */,
			);
			path = HomePage;
			sourceTree = "<group>";
		};
		3B67941A27CC7C4900B936DE /* Message */ = {
			isa = PBXGroup;
			children = (
				3B67941E27CC7C7D00B936DE /* Model */,
				3B67941D27CC7C7500B936DE /* ViewController */,
			);
			path = Message;
			sourceTree = "<group>";
		};
		3B67941B27CC7C6200B936DE /* ViewController */ = {
			isa = PBXGroup;
			children = (
				3B67942127CC7CA800B936DE /* UserAccountViewController.h */,
				3B67942227CC7CA800B936DE /* UserAccountViewController.m */,
			);
			path = ViewController;
			sourceTree = "<group>";
		};
		3B67941C27CC7C7100B936DE /* ViewController */ = {
			isa = PBXGroup;
			children = (
				3B67942427CC7CBA00B936DE /* HomePageViewController.h */,
				3B67942527CC7CBA00B936DE /* HomePageViewController.m */,
			);
			path = ViewController;
			sourceTree = "<group>";
		};
		3B67941D27CC7C7500B936DE /* ViewController */ = {
			isa = PBXGroup;
			children = (
				3B67942727CC7CCB00B936DE /* MessageViewController.h */,
				3B67942827CC7CCB00B936DE /* MessageViewController.m */,
			);
			path = ViewController;
			sourceTree = "<group>";
		};
		3B67941E27CC7C7D00B936DE /* Model */ = {
			isa = PBXGroup;
			children = (
			);
			path = Model;
			sourceTree = "<group>";
		};
		3B67941F27CC7C8700B936DE /* Model */ = {
			isa = PBXGroup;
			children = (
				3B67942F27CCBAB500B936DE /* CXUploadDataModel.h */,
				3B67943027CCBAB500B936DE /* CXUploadDataModel.m */,
			);
			path = Model;
			sourceTree = "<group>";
		};
		3B67942027CC7C8E00B936DE /* Model */ = {
			isa = PBXGroup;
			children = (
			);
			path = Model;
			sourceTree = "<group>";
		};
		3B67942B27CCADA100B936DE /* Network */ = {
			isa = PBXGroup;
			children = (
				3B67942C27CCB33400B936DE /* NetworkEngine.h */,
				3B67942D27CCB33400B936DE /* NetworkEngine.m */,
				3B67943227CCBEA700B936DE /* NetworkEngine+NetworkUtil.h */,
				3B67943327CCBEA700B936DE /* NetworkEngine+NetworkUtil.m */,
			);
			path = Network;
			sourceTree = "<group>";
		};
		3B6C889627D743B800C9BAC6 /* Pay */ = {
			isa = PBXGroup;
			children = (
				3B6C889827D743DE00C9BAC6 /* WechatSDK */,
				3B6C889727D743CC00C9BAC6 /* AlipaySDK */,
			);
			path = Pay;
			sourceTree = "<group>";
		};
		3B6C889727D743CC00C9BAC6 /* AlipaySDK */ = {
			isa = PBXGroup;
			children = (
				3B6C88C727D74AB200C9BAC6 /* AlipayManager */,
				3B6C88C027D74A8100C9BAC6 /* Model */,
				3B6C88B927D74A7800C9BAC6 /* Utils */,
				3B6C88CB27D74DF200C9BAC6 /* openssl */,
				3B6C88B327D7466E00C9BAC6 /* libcrypto.a */,
				3B6C88B427D7467100C9BAC6 /* libssl.a */,
				3B6C889927D7440100C9BAC6 /* AlipaySDK.bundle */,
				3B6C889A27D7440200C9BAC6 /* AlipaySDK.framework */,
			);
			path = AlipaySDK;
			sourceTree = "<group>";
		};
		3B6C889827D743DE00C9BAC6 /* WechatSDK */ = {
			isa = PBXGroup;
			children = (
			);
			path = WechatSDK;
			sourceTree = "<group>";
		};
		3B6C88B927D74A7800C9BAC6 /* Utils */ = {
			isa = PBXGroup;
			children = (
				3B6C88BA27D74A7800C9BAC6 /* openssl_wrapper.m */,
				3B6C88BC27D74A7800C9BAC6 /* openssl_wrapper.h */,
				3B6C88BD27D74A7800C9BAC6 /* APRSASigner.m */,
				3B6C88BB27D74A7800C9BAC6 /* APRSASigner.h */,
			);
			path = Utils;
			sourceTree = "<group>";
		};
		3B6C88C027D74A8100C9BAC6 /* Model */ = {
			isa = PBXGroup;
			children = (
				3B6C88C227D74A9900C9BAC6 /* APAuthInfo.h */,
				3B6C88C327D74A9900C9BAC6 /* APAuthInfo.m */,
				3B6C88C427D74A9900C9BAC6 /* APOrderInfo.h */,
				3B6C88C127D74A9300C9BAC6 /* APOrderInfo.m */,
			);
			path = Model;
			sourceTree = "<group>";
		};
		3B6C88C727D74AB200C9BAC6 /* AlipayManager */ = {
			isa = PBXGroup;
			children = (
				3B6C88C827D74AD000C9BAC6 /* APViewController.h */,
				3B6C88C927D74AD000C9BAC6 /* APViewController.m */,
			);
			name = AlipayManager;
			sourceTree = "<group>";
		};
		3B6C88CB27D74DF200C9BAC6 /* openssl */ = {
			isa = PBXGroup;
			children = (
				3B6C88CC27D74DF200C9BAC6 /* pem2.h */,
				3B6C88CD27D74DF200C9BAC6 /* pem.h */,
				3B6C88CE27D74DF200C9BAC6 /* ssl3.h */,
				3B6C88CF27D74DF200C9BAC6 /* ossl_typ.h */,
				3B6C88D027D74DF200C9BAC6 /* dtls1.h */,
				3B6C88D127D74DF200C9BAC6 /* err.h */,
				3B6C88D227D74DF200C9BAC6 /* bn.h */,
				3B6C88D327D74DF200C9BAC6 /* blowfish.h */,
				3B6C88D427D74DF200C9BAC6 /* cms.h */,
				3B6C88D527D74DF200C9BAC6 /* engine.h */,
				3B6C88D627D74DF200C9BAC6 /* conf_api.h */,
				3B6C88D727D74DF200C9BAC6 /* x509.h */,
				3B6C88D827D74DF200C9BAC6 /* asn1_mac.h */,
				3B6C88D927D74DF200C9BAC6 /* ui.h */,
				3B6C88DA27D74DF200C9BAC6 /* kssl.h */,
				3B6C88DB27D74DF300C9BAC6 /* sha.h */,
				3B6C88DC27D74DF300C9BAC6 /* symhacks.h */,
				3B6C88DD27D74DF300C9BAC6 /* asn1.h */,
				3B6C88DE27D74DF300C9BAC6 /* opensslconf.h */,
				3B6C88DF27D74DF300C9BAC6 /* bio.h */,
				3B6C88E027D74DF300C9BAC6 /* rc2.h */,
				3B6C88E127D74DF300C9BAC6 /* dh.h */,
				3B6C88E227D74DF300C9BAC6 /* ui_compat.h */,
				3B6C88E327D74DF300C9BAC6 /* x509v3.h */,
				3B6C88E427D74DF300C9BAC6 /* ssl23.h */,
				3B6C88E527D74DF300C9BAC6 /* conf.h */,
				3B6C88E627D74DF300C9BAC6 /* md5.h */,
				3B6C88E727D74DF300C9BAC6 /* x509_vfy.h */,
				3B6C88E827D74DF300C9BAC6 /* txt_db.h */,
				3B6C88E927D74DF300C9BAC6 /* safestack.h */,
				3B6C88EA27D74DF300C9BAC6 /* ecdsa.h */,
				3B6C88EB27D74DF300C9BAC6 /* objects.h */,
				3B6C88EC27D74DF300C9BAC6 /* pkcs12.h */,
				3B6C88ED27D74DF300C9BAC6 /* crypto.h */,
				3B6C88EE27D74DF300C9BAC6 /* opensslv.h */,
				3B6C88EF27D74DF300C9BAC6 /* pkcs7.h */,
				3B6C88F027D74DF300C9BAC6 /* obj_mac.h */,
				3B6C88F127D74DF300C9BAC6 /* buffer.h */,
				3B6C88F227D74DF300C9BAC6 /* ssl.h */,
				3B6C88F327D74DF300C9BAC6 /* srp.h */,
				3B6C88F427D74DF300C9BAC6 /* camellia.h */,
				3B6C88F527D74DF300C9BAC6 /* evp.h */,
				3B6C88F627D74DF300C9BAC6 /* e_os2.h */,
				3B6C88F727D74DF300C9BAC6 /* md4.h */,
				3B6C88F827D74DF300C9BAC6 /* hmac.h */,
				3B6C88F927D74DF300C9BAC6 /* aes.h */,
				3B6C88FA27D74DF300C9BAC6 /* comp.h */,
				3B6C88FB27D74DF300C9BAC6 /* cast.h */,
				3B6C88FC27D74DF300C9BAC6 /* rc4.h */,
				3B6C88FD27D74DF300C9BAC6 /* stack.h */,
				3B6C88FE27D74DF300C9BAC6 /* des.h */,
				3B6C88FF27D74DF300C9BAC6 /* ocsp.h */,
				3B6C890027D74DF300C9BAC6 /* ec.h */,
				3B6C890127D74DF300C9BAC6 /* ecdh.h */,
				3B6C890227D74DF300C9BAC6 /* rand.h */,
				3B6C890327D74DF300C9BAC6 /* ts.h */,
				3B6C890427D74DF300C9BAC6 /* pqueue.h */,
				3B6C890527D74DF300C9BAC6 /* dso.h */,
				3B6C890627D74DF300C9BAC6 /* seed.h */,
				3B6C890727D74DF300C9BAC6 /* modes.h */,
				3B6C890827D74DF300C9BAC6 /* ssl2.h */,
				3B6C890927D74DF300C9BAC6 /* rsa.h */,
				3B6C890A27D74DF300C9BAC6 /* krb5_asn.h */,
				3B6C890B27D74DF300C9BAC6 /* des_old.h */,
				3B6C890C27D74DF300C9BAC6 /* ripemd.h */,
				3B6C890D27D74DF300C9BAC6 /* whrlpool.h */,
				3B6C890E27D74DF300C9BAC6 /* tls1.h */,
				3B6C890F27D74DF300C9BAC6 /* mdc2.h */,
				3B6C891027D74DF300C9BAC6 /* dsa.h */,
				3B6C891127D74DF300C9BAC6 /* srtp.h */,
				3B6C891227D74DF300C9BAC6 /* asn1t.h */,
				3B6C891327D74DF300C9BAC6 /* cmac.h */,
				3B6C891427D74DF300C9BAC6 /* ebcdic.h */,
				3B6C891527D74DF300C9BAC6 /* idea.h */,
				3B6C891627D74DF300C9BAC6 /* lhash.h */,
			);
			path = openssl;
			sourceTree = "<group>";
		};
		3B6C891927D84D0E00C9BAC6 /* View */ = {
			isa = PBXGroup;
			children = (
				3B6C891C27D84D0E00C9BAC6 /* HomePageCollectionViewCell.h */,
				3B6C891A27D84D0E00C9BAC6 /* HomePageCollectionViewCell.m */,
				3B6C891D27D84D0E00C9BAC6 /* HomePageHeaderCollectionReusableView.h */,
				3B6C891B27D84D0E00C9BAC6 /* HomePageHeaderCollectionReusableView.m */,
			);
			path = View;
			sourceTree = "<group>";
		};
		3B7C04E427D893A500F465FB /* View */ = {
			isa = PBXGroup;
			children = (
				3B7C04F127D89A1000F465FB /* UserInfoView.h */,
				3B7C04F227D89A1000F465FB /* UserInfoView.m */,
				3B7C04F427D89A5E00F465FB /* CellView.h */,
				3B7C04F527D89A5E00F465FB /* CellView.m */,
			);
			path = View;
			sourceTree = "<group>";
		};
		3B7C04FA27D9D9D300F465FB /* NavigationBar */ = {
			isa = PBXGroup;
			children = (
				3B7C04FB27D9D9D300F465FB /* NaviBar.m */,
				3B7C04FC27D9D9D300F465FB /* NaviBar.h */,
			);
			path = NavigationBar;
			sourceTree = "<group>";
		};
		3B7C050427D9E82E00F465FB /* SecondVC */ = {
			isa = PBXGroup;
			children = (
				3B7C051527D9E94D00F465FB /* MyOrder */,
				3B7C051127D9E94D00F465FB /* MyCollect */,
				3B7C050927D9E94C00F465FB /* ShippingAddress */,
				3B7C050D27D9E94C00F465FB /* ContactInformation */,
			);
			path = SecondVC;
			sourceTree = "<group>";
		};
		3B7C050927D9E94C00F465FB /* ShippingAddress */ = {
			isa = PBXGroup;
			children = (
				3B7C050A27D9E94C00F465FB /* Model */,
				3B7C050B27D9E94C00F465FB /* View */,
				3B7C050C27D9E94C00F465FB /* ViewController */,
			);
			path = ShippingAddress;
			sourceTree = "<group>";
		};
		3B7C050A27D9E94C00F465FB /* Model */ = {
			isa = PBXGroup;
			children = (
			);
			path = Model;
			sourceTree = "<group>";
		};
		3B7C050B27D9E94C00F465FB /* View */ = {
			isa = PBXGroup;
			children = (
			);
			path = View;
			sourceTree = "<group>";
		};
		3B7C050C27D9E94C00F465FB /* ViewController */ = {
			isa = PBXGroup;
			children = (
				3B7C051F27D9E99300F465FB /* ShippingAddressViewController.h */,
				3B7C052027D9E99300F465FB /* ShippingAddressViewController.m */,
			);
			path = ViewController;
			sourceTree = "<group>";
		};
		3B7C050D27D9E94C00F465FB /* ContactInformation */ = {
			isa = PBXGroup;
			children = (
				3B7C050E27D9E94C00F465FB /* Model */,
				3B7C050F27D9E94C00F465FB /* View */,
				3B7C051027D9E94C00F465FB /* ViewController */,
			);
			path = ContactInformation;
			sourceTree = "<group>";
		};
		3B7C050E27D9E94C00F465FB /* Model */ = {
			isa = PBXGroup;
			children = (
			);
			path = Model;
			sourceTree = "<group>";
		};
		3B7C050F27D9E94C00F465FB /* View */ = {
			isa = PBXGroup;
			children = (
			);
			path = View;
			sourceTree = "<group>";
		};
		3B7C051027D9E94C00F465FB /* ViewController */ = {
			isa = PBXGroup;
			children = (
				3B7C052227D9E99F00F465FB /* ContactInformationViewController.h */,
				3B7C052327D9E99F00F465FB /* ContactInformationViewController.m */,
			);
			path = ViewController;
			sourceTree = "<group>";
		};
		3B7C051127D9E94D00F465FB /* MyCollect */ = {
			isa = PBXGroup;
			children = (
				3B7C051227D9E94D00F465FB /* Model */,
				3B7C051327D9E94D00F465FB /* View */,
				3B7C051427D9E94D00F465FB /* ViewController */,
			);
			path = MyCollect;
			sourceTree = "<group>";
		};
		3B7C051227D9E94D00F465FB /* Model */ = {
			isa = PBXGroup;
			children = (
			);
			path = Model;
			sourceTree = "<group>";
		};
		3B7C051327D9E94D00F465FB /* View */ = {
			isa = PBXGroup;
			children = (
			);
			path = View;
			sourceTree = "<group>";
		};
		3B7C051427D9E94D00F465FB /* ViewController */ = {
			isa = PBXGroup;
			children = (
				3B7C051C27D9E98600F465FB /* MyCollectViewController.h */,
				3B7C051D27D9E98600F465FB /* MyCollectViewController.m */,
			);
			path = ViewController;
			sourceTree = "<group>";
		};
		3B7C051527D9E94D00F465FB /* MyOrder */ = {
			isa = PBXGroup;
			children = (
				3B7C051627D9E94D00F465FB /* Model */,
				3B7C051727D9E94D00F465FB /* View */,
				3B7C051827D9E94D00F465FB /* ViewController */,
			);
			path = MyOrder;
			sourceTree = "<group>";
		};
		3B7C051627D9E94D00F465FB /* Model */ = {
			isa = PBXGroup;
			children = (
			);
			path = Model;
			sourceTree = "<group>";
		};
		3B7C051727D9E94D00F465FB /* View */ = {
			isa = PBXGroup;
			children = (
			);
			path = View;
			sourceTree = "<group>";
		};
		3B7C051827D9E94D00F465FB /* ViewController */ = {
			isa = PBXGroup;
			children = (
				3B7C051927D9E97800F465FB /* MyOrderViewController.h */,
				3B7C051A27D9E97800F465FB /* MyOrderViewController.m */,
				3B7C052527D9EC9700F465FB /* MyOrderPageViewController.h */,
				3B7C052627D9EC9700F465FB /* MyOrderPageViewController.m */,
			);
			path = ViewController;
			sourceTree = "<group>";
		};
		3B9F8AC627CE101700ACA161 /* PagingViewController */ = {
			isa = PBXGroup;
			children = (
				3B9F8AC727CE104E00ACA161 /* PagingViewController.h */,
				3B9F8AC827CE104E00ACA161 /* PagingViewController.m */,
				3B9F8ACA27CE10C500ACA161 /* PagingViewTableHeaderView.h */,
				3B9F8ACB27CE10C500ACA161 /* PagingViewTableHeaderView.m */,
				3B9F8ACD27CE112700ACA161 /* ListViewController.h */,
				3B9F8ACE27CE112700ACA161 /* ListViewController.m */,
			);
			path = PagingViewController;
			sourceTree = "<group>";
		};
		47B89EB3A2A562AEE212911A /* Frameworks */ = {
			isa = PBXGroup;
			children = (
				3B6C891727D7500E00C9BAC6 /* libsqlite3.0.tbd */,
				3B6C88B727D746AF00C9BAC6 /* WebKit.framework */,
				3B6C88B127D7447400C9BAC6 /* CoreMotion.framework */,
				3B6C88AF27D7446E00C9BAC6 /* CFNetwork.framework */,
				3B6C88AD27D7446900C9BAC6 /* Foundation.framework */,
				3B6C88AB27D7446400C9BAC6 /* UIKit.framework */,
				3B6C88A927D7445600C9BAC6 /* CoreGraphics.framework */,
				3B6C88A727D7444000C9BAC6 /* CoreText.framework */,
				3B6C88A527D7443B00C9BAC6 /* QuartzCore.framework */,
				3B6C88A327D7443300C9BAC6 /* CoreTelephony.framework */,
				3B6C88A127D7442700C9BAC6 /* SystemConfiguration.framework */,
				3B6C889F27D7442100C9BAC6 /* libz.tbd */,
				3B6C889D27D7441A00C9BAC6 /* libc++.tbd */,
				7B68A95A8D39B2987FD77CA0 /* Pods_1701Portal.framework */,
				06A50BB820CFC8F80C92BA12 /* Pods_1701Portal_1701PortalUITests.framework */,
				9582CD62AB5CDBBEB742F4E1 /* Pods_1701PortalTests.framework */,
			);
			name = Frameworks;
			sourceTree = "<group>";
		};
		66755F9DA23631756CB3D72D /* Pods */ = {
			isa = PBXGroup;
			children = (
				9AA73B9B4AC293DC6CC2C8B5 /* Pods-1701Portal.debug.xcconfig */,
				E58AAB64F9864D9CEAEE4F61 /* Pods-1701Portal.release.xcconfig */,
				240153945CEEC3175516397E /* Pods-1701Portal-1701PortalUITests.debug.xcconfig */,
				E94C545995EE49BC1CD19A9F /* Pods-1701Portal-1701PortalUITests.release.xcconfig */,
				2F6CB35C39E7FD7AB992FE8E /* Pods-1701PortalTests.debug.xcconfig */,
				801A8BA9D3B3E5C8DE03675A /* Pods-1701PortalTests.release.xcconfig */,
			);
			path = Pods;
			sourceTree = "<group>";
		};
/* End PBXGroup section */

/* Begin PBXNativeTarget section */
		3B67937D27C5D6C600B936DE /* 1701Portal */ = {
			isa = PBXNativeTarget;
			buildConfigurationList = 3B6793AD27C5D6C800B936DE /* Build configuration list for PBXNativeTarget "1701Portal" */;
			buildPhases = (
				1FBEFA82F4264E8002877D4D /* [CP] Check Pods Manifest.lock */,
				3B67937A27C5D6C600B936DE /* Sources */,
				3B67937B27C5D6C600B936DE /* Frameworks */,
				3B67937C27C5D6C600B936DE /* Resources */,
				65F85A0F5CB42EE08A49627C /* [CP] Embed Pods Frameworks */,
			);
			buildRules = (
			);
			dependencies = (
			);
			name = 1701Portal;
			productName = 1701Portal;
			productReference = 3B67937E27C5D6C600B936DE /* 1701Portal.app */;
			productType = "com.apple.product-type.application";
		};
		3B67939827C5D6C800B936DE /* 1701PortalTests */ = {
			isa = PBXNativeTarget;
			buildConfigurationList = 3B6793B027C5D6C800B936DE /* Build configuration list for PBXNativeTarget "1701PortalTests" */;
			buildPhases = (
				CDA55BD778B7F73813ED2F60 /* [CP] Check Pods Manifest.lock */,
				3B67939527C5D6C800B936DE /* Sources */,
				3B67939627C5D6C800B936DE /* Frameworks */,
				3B67939727C5D6C800B936DE /* Resources */,
			);
			buildRules = (
			);
			dependencies = (
				3B67939B27C5D6C800B936DE /* PBXTargetDependency */,
			);
			name = 1701PortalTests;
			productName = 1701PortalTests;
			productReference = 3B67939927C5D6C800B936DE /* 1701PortalTests.xctest */;
			productType = "com.apple.product-type.bundle.unit-test";
		};
		3B6793A227C5D6C800B936DE /* 1701PortalUITests */ = {
			isa = PBXNativeTarget;
			buildConfigurationList = 3B6793B327C5D6C800B936DE /* Build configuration list for PBXNativeTarget "1701PortalUITests" */;
			buildPhases = (
				B5908B5D8394E0532599A298 /* [CP] Check Pods Manifest.lock */,
				3B67939F27C5D6C800B936DE /* Sources */,
				3B6793A027C5D6C800B936DE /* Frameworks */,
				3B6793A127C5D6C800B936DE /* Resources */,
				E5B029A5E4B3E7E37ADD33B3 /* [CP] Embed Pods Frameworks */,
			);
			buildRules = (
			);
			dependencies = (
				3B6793A527C5D6C800B936DE /* PBXTargetDependency */,
			);
			name = 1701PortalUITests;
			productName = 1701PortalUITests;
			productReference = 3B6793A327C5D6C800B936DE /* 1701PortalUITests.xctest */;
			productType = "com.apple.product-type.bundle.ui-testing";
		};
/* End PBXNativeTarget section */

/* Begin PBXProject section */
		3B67937627C5D6C600B936DE /* Project object */ = {
			isa = PBXProject;
			attributes = {
				BuildIndependentTargetsInParallel = 1;
				LastUpgradeCheck = 1300;
				TargetAttributes = {
					3B67937D27C5D6C600B936DE = {
						CreatedOnToolsVersion = 13.0;
					};
					3B67939827C5D6C800B936DE = {
						CreatedOnToolsVersion = 13.0;
						TestTargetID = 3B67937D27C5D6C600B936DE;
					};
					3B6793A227C5D6C800B936DE = {
						CreatedOnToolsVersion = 13.0;
						TestTargetID = 3B67937D27C5D6C600B936DE;
					};
				};
			};
			buildConfigurationList = 3B67937927C5D6C600B936DE /* Build configuration list for PBXProject "1701Portal" */;
			compatibilityVersion = "Xcode 13.0";
			developmentRegion = en;
			hasScannedForEncodings = 0;
			knownRegions = (
				en,
				Base,
			);
			mainGroup = 3B67937527C5D6C600B936DE;
			productRefGroup = 3B67937F27C5D6C600B936DE /* Products */;
			projectDirPath = "";
			projectRoot = "";
			targets = (
				3B67937D27C5D6C600B936DE /* 1701Portal */,
				3B67939827C5D6C800B936DE /* 1701PortalTests */,
				3B6793A227C5D6C800B936DE /* 1701PortalUITests */,
			);
		};
/* End PBXProject section */

/* Begin PBXResourcesBuildPhase section */
		3B67937C27C5D6C600B936DE /* Resources */ = {
			isa = PBXResourcesBuildPhase;
			buildActionMask = 2147483647;
			files = (
				3B67941827CC79C400B936DE /* LaunchScreen.storyboard in Resources */,
				3B67938E27C5D6C800B936DE /* Assets.xcassets in Resources */,
				3B6C889B27D7440200C9BAC6 /* AlipaySDK.bundle in Resources */,
				3B67938C27C5D6C600B936DE /* Main.storyboard in Resources */,
			);
			runOnlyForDeploymentPostprocessing = 0;
		};
		3B67939727C5D6C800B936DE /* Resources */ = {
			isa = PBXResourcesBuildPhase;
			buildActionMask = 2147483647;
			files = (
			);
			runOnlyForDeploymentPostprocessing = 0;
		};
		3B6793A127C5D6C800B936DE /* Resources */ = {
			isa = PBXResourcesBuildPhase;
			buildActionMask = 2147483647;
			files = (
			);
			runOnlyForDeploymentPostprocessing = 0;
		};
/* End PBXResourcesBuildPhase section */

/* Begin PBXShellScriptBuildPhase section */
		1FBEFA82F4264E8002877D4D /* [CP] Check Pods Manifest.lock */ = {
			isa = PBXShellScriptBuildPhase;
			buildActionMask = 2147483647;
			files = (
			);
			inputFileListPaths = (
			);
			inputPaths = (
				"${PODS_PODFILE_DIR_PATH}/Podfile.lock",
				"${PODS_ROOT}/Manifest.lock",
			);
			name = "[CP] Check Pods Manifest.lock";
			outputFileListPaths = (
			);
			outputPaths = (
				"$(DERIVED_FILE_DIR)/Pods-1701Portal-checkManifestLockResult.txt",
			);
			runOnlyForDeploymentPostprocessing = 0;
			shellPath = /bin/sh;
			shellScript = "diff \"${PODS_PODFILE_DIR_PATH}/Podfile.lock\" \"${PODS_ROOT}/Manifest.lock\" > /dev/null\nif [ $? != 0 ] ; then\n    # print error to STDERR\n    echo \"error: The sandbox is not in sync with the Podfile.lock. Run 'pod install' or update your CocoaPods installation.\" >&2\n    exit 1\nfi\n# This output is used by Xcode 'outputs' to avoid re-running this script phase.\necho \"SUCCESS\" > \"${SCRIPT_OUTPUT_FILE_0}\"\n";
			showEnvVarsInLog = 0;
		};
		65F85A0F5CB42EE08A49627C /* [CP] Embed Pods Frameworks */ = {
			isa = PBXShellScriptBuildPhase;
			buildActionMask = 2147483647;
			files = (
			);
			inputFileListPaths = (
				"${PODS_ROOT}/Target Support Files/Pods-1701Portal/Pods-1701Portal-frameworks-${CONFIGURATION}-input-files.xcfilelist",
			);
			name = "[CP] Embed Pods Frameworks";
			outputFileListPaths = (
				"${PODS_ROOT}/Target Support Files/Pods-1701Portal/Pods-1701Portal-frameworks-${CONFIGURATION}-output-files.xcfilelist",
			);
			runOnlyForDeploymentPostprocessing = 0;
			shellPath = /bin/sh;
			shellScript = "\"${PODS_ROOT}/Target Support Files/Pods-1701Portal/Pods-1701Portal-frameworks.sh\"\n";
			showEnvVarsInLog = 0;
		};
		B5908B5D8394E0532599A298 /* [CP] Check Pods Manifest.lock */ = {
			isa = PBXShellScriptBuildPhase;
			buildActionMask = 2147483647;
			files = (
			);
			inputFileListPaths = (
			);
			inputPaths = (
				"${PODS_PODFILE_DIR_PATH}/Podfile.lock",
				"${PODS_ROOT}/Manifest.lock",
			);
			name = "[CP] Check Pods Manifest.lock";
			outputFileListPaths = (
			);
			outputPaths = (
				"$(DERIVED_FILE_DIR)/Pods-1701Portal-1701PortalUITests-checkManifestLockResult.txt",
			);
			runOnlyForDeploymentPostprocessing = 0;
			shellPath = /bin/sh;
			shellScript = "diff \"${PODS_PODFILE_DIR_PATH}/Podfile.lock\" \"${PODS_ROOT}/Manifest.lock\" > /dev/null\nif [ $? != 0 ] ; then\n    # print error to STDERR\n    echo \"error: The sandbox is not in sync with the Podfile.lock. Run 'pod install' or update your CocoaPods installation.\" >&2\n    exit 1\nfi\n# This output is used by Xcode 'outputs' to avoid re-running this script phase.\necho \"SUCCESS\" > \"${SCRIPT_OUTPUT_FILE_0}\"\n";
			showEnvVarsInLog = 0;
		};
		CDA55BD778B7F73813ED2F60 /* [CP] Check Pods Manifest.lock */ = {
			isa = PBXShellScriptBuildPhase;
			buildActionMask = 2147483647;
			files = (
			);
			inputFileListPaths = (
			);
			inputPaths = (
				"${PODS_PODFILE_DIR_PATH}/Podfile.lock",
				"${PODS_ROOT}/Manifest.lock",
			);
			name = "[CP] Check Pods Manifest.lock";
			outputFileListPaths = (
			);
			outputPaths = (
				"$(DERIVED_FILE_DIR)/Pods-1701PortalTests-checkManifestLockResult.txt",
			);
			runOnlyForDeploymentPostprocessing = 0;
			shellPath = /bin/sh;
			shellScript = "diff \"${PODS_PODFILE_DIR_PATH}/Podfile.lock\" \"${PODS_ROOT}/Manifest.lock\" > /dev/null\nif [ $? != 0 ] ; then\n    # print error to STDERR\n    echo \"error: The sandbox is not in sync with the Podfile.lock. Run 'pod install' or update your CocoaPods installation.\" >&2\n    exit 1\nfi\n# This output is used by Xcode 'outputs' to avoid re-running this script phase.\necho \"SUCCESS\" > \"${SCRIPT_OUTPUT_FILE_0}\"\n";
			showEnvVarsInLog = 0;
		};
		E5B029A5E4B3E7E37ADD33B3 /* [CP] Embed Pods Frameworks */ = {
			isa = PBXShellScriptBuildPhase;
			buildActionMask = 2147483647;
			files = (
			);
			inputFileListPaths = (
				"${PODS_ROOT}/Target Support Files/Pods-1701Portal-1701PortalUITests/Pods-1701Portal-1701PortalUITests-frameworks-${CONFIGURATION}-input-files.xcfilelist",
			);
			name = "[CP] Embed Pods Frameworks";
			outputFileListPaths = (
				"${PODS_ROOT}/Target Support Files/Pods-1701Portal-1701PortalUITests/Pods-1701Portal-1701PortalUITests-frameworks-${CONFIGURATION}-output-files.xcfilelist",
			);
			runOnlyForDeploymentPostprocessing = 0;
			shellPath = /bin/sh;
			shellScript = "\"${PODS_ROOT}/Target Support Files/Pods-1701Portal-1701PortalUITests/Pods-1701Portal-1701PortalUITests-frameworks.sh\"\n";
			showEnvVarsInLog = 0;
		};
/* End PBXShellScriptBuildPhase section */

/* Begin PBXSourcesBuildPhase section */
		3B67937A27C5D6C600B936DE /* Sources */ = {
			isa = PBXSourcesBuildPhase;
			buildActionMask = 2147483647;
			files = (
				3B7C04F627D89A5E00F465FB /* CellView.m in Sources */,
				3B7C050327D9DD9F00F465FB /* UIDevice+Util.m in Sources */,
				3B7C04F027D8967400F465FB /* BaseTableViewCell.m in Sources */,
				3B67942327CC7CA800B936DE /* UserAccountViewController.m in Sources */,
				3B9F8ACC27CE10C500ACA161 /* PagingViewTableHeaderView.m in Sources */,
				3B6C88C627D74A9900C9BAC6 /* APAuthInfo.m in Sources */,
				3B6C88BE27D74A7800C9BAC6 /* openssl_wrapper.m in Sources */,
				3B6C891E27D84D0F00C9BAC6 /* HomePageCollectionViewCell.m in Sources */,
				3B6C88BF27D74A7800C9BAC6 /* APRSASigner.m in Sources */,
				3B7C052127D9E99300F465FB /* ShippingAddressViewController.m in Sources */,
				3B9F8ACF27CE112700ACA161 /* ListViewController.m in Sources */,
				3B67942927CC7CCB00B936DE /* MessageViewController.m in Sources */,
				3B67943127CCBAB500B936DE /* CXUploadDataModel.m in Sources */,
				3B7C04EA27D8952400F465FB /* BaseCollectionViewCell.m in Sources */,
				3B7C04ED27D895DB00F465FB /* BaseCollectionReusableView.m in Sources */,
				3B67940C27CC76CC00B936DE /* BaseModel.m in Sources */,
				3B7C051B27D9E97800F465FB /* MyOrderViewController.m in Sources */,
				3B67942627CC7CBA00B936DE /* HomePageViewController.m in Sources */,
				3B6C891F27D84D0F00C9BAC6 /* HomePageHeaderCollectionReusableView.m in Sources */,
				3B7C052427D9E99F00F465FB /* ContactInformationViewController.m in Sources */,
				3B67940F27CC76F700B936DE /* BaseNavigationController.m in Sources */,
				3B9F8AC927CE104E00ACA161 /* PagingViewController.m in Sources */,
				3B67943727CCC40A00B936DE /* MBProgressHUD+CXProgressHUD.m in Sources */,
				3B7C04F927D89C8400F465FB /* UIColor+Hex.m in Sources */,
				3B67938927C5D6C600B936DE /* ViewController.m in Sources */,
				3B67942E27CCB33400B936DE /* NetworkEngine.m in Sources */,
				3B67940927CC76B900B936DE /* BaseViewController.m in Sources */,
				3B67943427CCBEA700B936DE /* NetworkEngine+NetworkUtil.m in Sources */,
				3B67941527CC773700B936DE /* BaseTabBarController.m in Sources */,
				3B7C04E727D894F700F465FB /* BaseView.m in Sources */,
				3B6C88CA27D74AD000C9BAC6 /* APViewController.m in Sources */,
				3B7C051E27D9E98600F465FB /* MyCollectViewController.m in Sources */,
				3B7C04F327D89A1000F465FB /* UserInfoView.m in Sources */,
				3B7C050027D9DC5F00F465FB /* UIView+Utils.m in Sources */,
				3B67938327C5D6C600B936DE /* AppDelegate.m in Sources */,
				3B67939427C5D6C800B936DE /* main.m in Sources */,
				3B7C052727D9EC9700F465FB /* MyOrderPageViewController.m in Sources */,
				3B67938627C5D6C600B936DE /* SceneDelegate.m in Sources */,
				3B6C88C527D74A9900C9BAC6 /* APOrderInfo.m in Sources */,
				3B7C04FD27D9D9D300F465FB /* NaviBar.m in Sources */,
			);
			runOnlyForDeploymentPostprocessing = 0;
		};
		3B67939527C5D6C800B936DE /* Sources */ = {
			isa = PBXSourcesBuildPhase;
			buildActionMask = 2147483647;
			files = (
				3B67939E27C5D6C800B936DE /* _701PortalTests.m in Sources */,
			);
			runOnlyForDeploymentPostprocessing = 0;
		};
		3B67939F27C5D6C800B936DE /* Sources */ = {
			isa = PBXSourcesBuildPhase;
			buildActionMask = 2147483647;
			files = (
				3B6793A827C5D6C800B936DE /* _701PortalUITests.m in Sources */,
				3B6793AA27C5D6C800B936DE /* _701PortalUITestsLaunchTests.m in Sources */,
			);
			runOnlyForDeploymentPostprocessing = 0;
		};
/* End PBXSourcesBuildPhase section */

/* Begin PBXTargetDependency section */
		3B67939B27C5D6C800B936DE /* PBXTargetDependency */ = {
			isa = PBXTargetDependency;
			target = 3B67937D27C5D6C600B936DE /* 1701Portal */;
			targetProxy = 3B67939A27C5D6C800B936DE /* PBXContainerItemProxy */;
		};
		3B6793A527C5D6C800B936DE /* PBXTargetDependency */ = {
			isa = PBXTargetDependency;
			target = 3B67937D27C5D6C600B936DE /* 1701Portal */;
			targetProxy = 3B6793A427C5D6C800B936DE /* PBXContainerItemProxy */;
		};
/* End PBXTargetDependency section */

/* Begin PBXVariantGroup section */
		3B67938A27C5D6C600B936DE /* Main.storyboard */ = {
			isa = PBXVariantGroup;
			children = (
				3B67938B27C5D6C600B936DE /* Base */,
			);
			name = Main.storyboard;
			sourceTree = "<group>";
		};
		3B67941627CC79C400B936DE /* LaunchScreen.storyboard */ = {
			isa = PBXVariantGroup;
			children = (
				3B67941727CC79C400B936DE /* Base */,
			);
			name = LaunchScreen.storyboard;
			sourceTree = "<group>";
		};
/* End PBXVariantGroup section */

/* Begin XCBuildConfiguration section */
		3B6793AB27C5D6C800B936DE /* Debug */ = {
			isa = XCBuildConfiguration;
			buildSettings = {
				ALWAYS_SEARCH_USER_PATHS = NO;
				CLANG_ANALYZER_NONNULL = YES;
				CLANG_ANALYZER_NUMBER_OBJECT_CONVERSION = YES_AGGRESSIVE;
				CLANG_CXX_LANGUAGE_STANDARD = "gnu++17";
				CLANG_CXX_LIBRARY = "libc++";
				CLANG_ENABLE_MODULES = YES;
				CLANG_ENABLE_OBJC_ARC = YES;
				CLANG_ENABLE_OBJC_WEAK = YES;
				CLANG_WARN_BLOCK_CAPTURE_AUTORELEASING = YES;
				CLANG_WARN_BOOL_CONVERSION = YES;
				CLANG_WARN_COMMA = YES;
				CLANG_WARN_CONSTANT_CONVERSION = YES;
				CLANG_WARN_DEPRECATED_OBJC_IMPLEMENTATIONS = YES;
				CLANG_WARN_DIRECT_OBJC_ISA_USAGE = YES_ERROR;
				CLANG_WARN_DOCUMENTATION_COMMENTS = YES;
				CLANG_WARN_EMPTY_BODY = YES;
				CLANG_WARN_ENUM_CONVERSION = YES;
				CLANG_WARN_INFINITE_RECURSION = YES;
				CLANG_WARN_INT_CONVERSION = YES;
				CLANG_WARN_NON_LITERAL_NULL_CONVERSION = YES;
				CLANG_WARN_OBJC_IMPLICIT_RETAIN_SELF = YES;
				CLANG_WARN_OBJC_LITERAL_CONVERSION = YES;
				CLANG_WARN_OBJC_ROOT_CLASS = YES_ERROR;
				CLANG_WARN_QUOTED_INCLUDE_IN_FRAMEWORK_HEADER = YES;
				CLANG_WARN_RANGE_LOOP_ANALYSIS = YES;
				CLANG_WARN_STRICT_PROTOTYPES = YES;
				CLANG_WARN_SUSPICIOUS_MOVE = YES;
				CLANG_WARN_UNGUARDED_AVAILABILITY = YES_AGGRESSIVE;
				CLANG_WARN_UNREACHABLE_CODE = YES;
				CLANG_WARN__DUPLICATE_METHOD_MATCH = YES;
				COPY_PHASE_STRIP = NO;
				DEBUG_INFORMATION_FORMAT = dwarf;
				ENABLE_STRICT_OBJC_MSGSEND = YES;
				ENABLE_TESTABILITY = YES;
				GCC_C_LANGUAGE_STANDARD = gnu11;
				GCC_DYNAMIC_NO_PIC = NO;
				GCC_NO_COMMON_BLOCKS = YES;
				GCC_OPTIMIZATION_LEVEL = 0;
				GCC_PREPROCESSOR_DEFINITIONS = (
					"DEBUG=1",
					"$(inherited)",
				);
				GCC_WARN_64_TO_32_BIT_CONVERSION = YES;
				GCC_WARN_ABOUT_RETURN_TYPE = YES_ERROR;
				GCC_WARN_UNDECLARED_SELECTOR = YES;
				GCC_WARN_UNINITIALIZED_AUTOS = YES_AGGRESSIVE;
				GCC_WARN_UNUSED_FUNCTION = YES;
				GCC_WARN_UNUSED_VARIABLE = YES;
				IPHONEOS_DEPLOYMENT_TARGET = 15.0;
				MTL_ENABLE_DEBUG_INFO = INCLUDE_SOURCE;
				MTL_FAST_MATH = YES;
				ONLY_ACTIVE_ARCH = YES;
				SDKROOT = iphoneos;
			};
			name = Debug;
		};
		3B6793AC27C5D6C800B936DE /* Release */ = {
			isa = XCBuildConfiguration;
			buildSettings = {
				ALWAYS_SEARCH_USER_PATHS = NO;
				CLANG_ANALYZER_NONNULL = YES;
				CLANG_ANALYZER_NUMBER_OBJECT_CONVERSION = YES_AGGRESSIVE;
				CLANG_CXX_LANGUAGE_STANDARD = "gnu++17";
				CLANG_CXX_LIBRARY = "libc++";
				CLANG_ENABLE_MODULES = YES;
				CLANG_ENABLE_OBJC_ARC = YES;
				CLANG_ENABLE_OBJC_WEAK = YES;
				CLANG_WARN_BLOCK_CAPTURE_AUTORELEASING = YES;
				CLANG_WARN_BOOL_CONVERSION = YES;
				CLANG_WARN_COMMA = YES;
				CLANG_WARN_CONSTANT_CONVERSION = YES;
				CLANG_WARN_DEPRECATED_OBJC_IMPLEMENTATIONS = YES;
				CLANG_WARN_DIRECT_OBJC_ISA_USAGE = YES_ERROR;
				CLANG_WARN_DOCUMENTATION_COMMENTS = YES;
				CLANG_WARN_EMPTY_BODY = YES;
				CLANG_WARN_ENUM_CONVERSION = YES;
				CLANG_WARN_INFINITE_RECURSION = YES;
				CLANG_WARN_INT_CONVERSION = YES;
				CLANG_WARN_NON_LITERAL_NULL_CONVERSION = YES;
				CLANG_WARN_OBJC_IMPLICIT_RETAIN_SELF = YES;
				CLANG_WARN_OBJC_LITERAL_CONVERSION = YES;
				CLANG_WARN_OBJC_ROOT_CLASS = YES_ERROR;
				CLANG_WARN_QUOTED_INCLUDE_IN_FRAMEWORK_HEADER = YES;
				CLANG_WARN_RANGE_LOOP_ANALYSIS = YES;
				CLANG_WARN_STRICT_PROTOTYPES = YES;
				CLANG_WARN_SUSPICIOUS_MOVE = YES;
				CLANG_WARN_UNGUARDED_AVAILABILITY = YES_AGGRESSIVE;
				CLANG_WARN_UNREACHABLE_CODE = YES;
				CLANG_WARN__DUPLICATE_METHOD_MATCH = YES;
				COPY_PHASE_STRIP = NO;
				DEBUG_INFORMATION_FORMAT = "dwarf-with-dsym";
				ENABLE_NS_ASSERTIONS = NO;
				ENABLE_STRICT_OBJC_MSGSEND = YES;
				GCC_C_LANGUAGE_STANDARD = gnu11;
				GCC_NO_COMMON_BLOCKS = YES;
				GCC_WARN_64_TO_32_BIT_CONVERSION = YES;
				GCC_WARN_ABOUT_RETURN_TYPE = YES_ERROR;
				GCC_WARN_UNDECLARED_SELECTOR = YES;
				GCC_WARN_UNINITIALIZED_AUTOS = YES_AGGRESSIVE;
				GCC_WARN_UNUSED_FUNCTION = YES;
				GCC_WARN_UNUSED_VARIABLE = YES;
				IPHONEOS_DEPLOYMENT_TARGET = 15.0;
				MTL_ENABLE_DEBUG_INFO = NO;
				MTL_FAST_MATH = YES;
				SDKROOT = iphoneos;
				VALIDATE_PRODUCT = YES;
			};
			name = Release;
		};
		3B6793AE27C5D6C800B936DE /* Debug */ = {
			isa = XCBuildConfiguration;
			baseConfigurationReference = 9AA73B9B4AC293DC6CC2C8B5 /* Pods-1701Portal.debug.xcconfig */;
			buildSettings = {
				ASSETCATALOG_COMPILER_APPICON_NAME = AppIcon;
				ASSETCATALOG_COMPILER_GLOBAL_ACCENT_COLOR_NAME = AccentColor;
				ASSETCATALOG_COMPILER_INCLUDE_ALL_APPICON_ASSETS = YES;
				CODE_SIGN_STYLE = Automatic;
				CURRENT_PROJECT_VERSION = 1;
				DEVELOPMENT_TEAM = VC42FXQVPV;
				FRAMEWORK_SEARCH_PATHS = (
					"$(inherited)",
					"$(PROJECT_DIR)/1701Portal/Class/Pay/AlipaySDK",
				);
				GCC_PRECOMPILE_PREFIX_HEADER = YES;
				GCC_PREFIX_HEADER = "1701Portal/Config/1701Portal-PrefixHeader.pch";
				GENERATE_INFOPLIST_FILE = YES;
				HEADER_SEARCH_PATHS = (
					"$(inherited)",
					"\"${PODS_CONFIGURATION_BUILD_DIR}/AFNetworking/AFNetworking.framework/Headers\"",
					"\"${PODS_CONFIGURATION_BUILD_DIR}/IQKeyboardManager/IQKeyboardManager.framework/Headers\"",
					"\"${PODS_CONFIGURATION_BUILD_DIR}/JXCategoryView/JXCategoryView.framework/Headers\"",
					"\"${PODS_CONFIGURATION_BUILD_DIR}/JXPagingView/JXPagingView.framework/Headers\"",
					"\"${PODS_CONFIGURATION_BUILD_DIR}/MBProgressHUD/MBProgressHUD.framework/Headers\"",
					"\"${PODS_CONFIGURATION_BUILD_DIR}/MJExtension/MJExtension.framework/Headers\"",
					"\"${PODS_CONFIGURATION_BUILD_DIR}/MJRefresh/MJRefresh.framework/Headers\"",
					"\"${PODS_CONFIGURATION_BUILD_DIR}/Masonry/Masonry.framework/Headers\"",
					"\"${PODS_CONFIGURATION_BUILD_DIR}/SDCycleScrollView/SDCycleScrollView.framework/Headers\"",
					"\"${PODS_CONFIGURATION_BUILD_DIR}/SDWebImage/SDWebImage.framework/Headers\"",
					"\"$(SRCROOT)/1701Portal/Class/Pay/AlipaySDK/openssl\"",
					"\"$(SRCROOT)/1701Portal/Class/Pay/AlipaySDK\"",
				);
				INFOPLIST_FILE = 1701Portal/Info.plist;
				INFOPLIST_KEY_NSCameraUsageDescription = "是否允许此App在上传驾驶证、行驶证、人车照中访问您的相机？";
				INFOPLIST_KEY_NSPhotoLibraryUsageDescription = "是否允许此App在上传驾驶证、行驶证、人车照中访问您的相册？";
				INFOPLIST_KEY_UIApplicationSupportsIndirectInputEvents = YES;
				INFOPLIST_KEY_UILaunchStoryboardName = LaunchScreen;
				INFOPLIST_KEY_UIMainStoryboardFile = Main;
				INFOPLIST_KEY_UISupportedInterfaceOrientations = "UIInterfaceOrientationPortrait UIInterfaceOrientationLandscapeRight UIInterfaceOrientationLandscapeLeft";
				INFOPLIST_KEY_UISupportedInterfaceOrientations_iPad = "UIInterfaceOrientationPortrait UIInterfaceOrientationPortraitUpsideDown UIInterfaceOrientationLandscapeLeft UIInterfaceOrientationLandscapeRight";
				INFOPLIST_KEY_UISupportedInterfaceOrientations_iPhone = "UIInterfaceOrientationPortrait UIInterfaceOrientationLandscapeLeft UIInterfaceOrientationLandscapeRight";
				IPHONEOS_DEPLOYMENT_TARGET = 11.0;
				LD_RUNPATH_SEARCH_PATHS = (
					"$(inherited)",
					"@executable_path/Frameworks",
				);
				LIBRARY_SEARCH_PATHS = (
					"$(inherited)",
					"$(PROJECT_DIR)/1701Portal/Class/Pay/AlipaySDK",
				);
				MARKETING_VERSION = 1.0;
				OTHER_LDFLAGS = (
					"$(inherited)",
					"-ObjC",
					"-l\"WeChatSDK\"",
					"-l\"c++\"",
					"-l\"sqlite3.0\"",
					"-l\"z\"",
					"-framework",
					"\"AFNetworking\"",
					"-framework",
					"\"CoreGraphics\"",
					"-framework",
					"\"Foundation\"",
					"-framework",
					"\"IQKeyboardManager\"",
					"-framework",
					"\"ImageIO\"",
					"-framework",
					"\"JXCategoryView\"",
					"-framework",
					"\"JXPagingView\"",
					"-framework",
					"\"MBProgressHUD\"",
					"-framework",
					"\"MJExtension\"",
					"-framework",
					"\"MJRefresh\"",
					"-framework",
					"\"Masonry\"",
					"-framework",
					"\"QuartzCore\"",
					"-framework",
					"\"SDCycleScrollView\"",
					"-framework",
					"\"SDWebImage\"",
					"-framework",
					"\"Security\"",
					"-framework",
					"\"UIKit\"",
					"-framework",
					"\"WebKit\"",
					"-ObjC",
					"-all_load",
				);
				PRODUCT_BUNDLE_IDENTIFIER = "com.demo.dd.-701Portal";
				PRODUCT_NAME = "$(TARGET_NAME)";
				SWIFT_EMIT_LOC_STRINGS = YES;
				TARGETED_DEVICE_FAMILY = 1;
			};
			name = Debug;
		};
		3B6793AF27C5D6C800B936DE /* Release */ = {
			isa = XCBuildConfiguration;
			baseConfigurationReference = E58AAB64F9864D9CEAEE4F61 /* Pods-1701Portal.release.xcconfig */;
			buildSettings = {
				ASSETCATALOG_COMPILER_APPICON_NAME = AppIcon;
				ASSETCATALOG_COMPILER_GLOBAL_ACCENT_COLOR_NAME = AccentColor;
				ASSETCATALOG_COMPILER_INCLUDE_ALL_APPICON_ASSETS = YES;
				CODE_SIGN_STYLE = Automatic;
				CURRENT_PROJECT_VERSION = 1;
				DEVELOPMENT_TEAM = VC42FXQVPV;
				FRAMEWORK_SEARCH_PATHS = (
					"$(inherited)",
					"$(PROJECT_DIR)/1701Portal/Class/Pay/AlipaySDK",
				);
				GCC_PRECOMPILE_PREFIX_HEADER = YES;
				GCC_PREFIX_HEADER = "1701Portal/Config/1701Portal-PrefixHeader.pch";
				GENERATE_INFOPLIST_FILE = YES;
				HEADER_SEARCH_PATHS = (
					"$(inherited)",
					"\"${PODS_CONFIGURATION_BUILD_DIR}/AFNetworking/AFNetworking.framework/Headers\"",
					"\"${PODS_CONFIGURATION_BUILD_DIR}/IQKeyboardManager/IQKeyboardManager.framework/Headers\"",
					"\"${PODS_CONFIGURATION_BUILD_DIR}/JXCategoryView/JXCategoryView.framework/Headers\"",
					"\"${PODS_CONFIGURATION_BUILD_DIR}/JXPagingView/JXPagingView.framework/Headers\"",
					"\"${PODS_CONFIGURATION_BUILD_DIR}/MBProgressHUD/MBProgressHUD.framework/Headers\"",
					"\"${PODS_CONFIGURATION_BUILD_DIR}/MJExtension/MJExtension.framework/Headers\"",
					"\"${PODS_CONFIGURATION_BUILD_DIR}/MJRefresh/MJRefresh.framework/Headers\"",
					"\"${PODS_CONFIGURATION_BUILD_DIR}/Masonry/Masonry.framework/Headers\"",
					"\"${PODS_CONFIGURATION_BUILD_DIR}/SDCycleScrollView/SDCycleScrollView.framework/Headers\"",
					"\"${PODS_CONFIGURATION_BUILD_DIR}/SDWebImage/SDWebImage.framework/Headers\"",
					"\"$(SRCROOT)/1701Portal/Class/Pay/AlipaySDK/openssl\"",
					"\"$(SRCROOT)/1701Portal/Class/Pay/AlipaySDK\"",
				);
				INFOPLIST_FILE = 1701Portal/Info.plist;
				INFOPLIST_KEY_NSCameraUsageDescription = "是否允许此App在上传驾驶证、行驶证、人车照中访问您的相机？";
				INFOPLIST_KEY_NSPhotoLibraryUsageDescription = "是否允许此App在上传驾驶证、行驶证、人车照中访问您的相册？";
				INFOPLIST_KEY_UIApplicationSupportsIndirectInputEvents = YES;
				INFOPLIST_KEY_UILaunchStoryboardName = LaunchScreen;
				INFOPLIST_KEY_UIMainStoryboardFile = Main;
				INFOPLIST_KEY_UISupportedInterfaceOrientations = "UIInterfaceOrientationPortrait UIInterfaceOrientationLandscapeRight UIInterfaceOrientationLandscapeLeft";
				INFOPLIST_KEY_UISupportedInterfaceOrientations_iPad = "UIInterfaceOrientationPortrait UIInterfaceOrientationPortraitUpsideDown UIInterfaceOrientationLandscapeLeft UIInterfaceOrientationLandscapeRight";
				INFOPLIST_KEY_UISupportedInterfaceOrientations_iPhone = "UIInterfaceOrientationPortrait UIInterfaceOrientationLandscapeLeft UIInterfaceOrientationLandscapeRight";
				IPHONEOS_DEPLOYMENT_TARGET = 11.0;
				LD_RUNPATH_SEARCH_PATHS = (
					"$(inherited)",
					"@executable_path/Frameworks",
				);
				LIBRARY_SEARCH_PATHS = (
					"$(inherited)",
					"$(PROJECT_DIR)/1701Portal/Class/Pay/AlipaySDK",
				);
				MARKETING_VERSION = 1.0;
				OTHER_LDFLAGS = (
					"$(inherited)",
					"-ObjC",
					"-l\"WeChatSDK\"",
					"-l\"c++\"",
					"-l\"sqlite3.0\"",
					"-l\"z\"",
					"-framework",
					"\"AFNetworking\"",
					"-framework",
					"\"CoreGraphics\"",
					"-framework",
					"\"Foundation\"",
					"-framework",
					"\"IQKeyboardManager\"",
					"-framework",
					"\"ImageIO\"",
					"-framework",
					"\"JXCategoryView\"",
					"-framework",
					"\"JXPagingView\"",
					"-framework",
					"\"MBProgressHUD\"",
					"-framework",
					"\"MJExtension\"",
					"-framework",
					"\"MJRefresh\"",
					"-framework",
					"\"Masonry\"",
					"-framework",
					"\"QuartzCore\"",
					"-framework",
					"\"SDCycleScrollView\"",
					"-framework",
					"\"SDWebImage\"",
					"-framework",
					"\"Security\"",
					"-framework",
					"\"UIKit\"",
					"-framework",
					"\"WebKit\"",
					"-ObjC",
					"-all_load",
				);
				PRODUCT_BUNDLE_IDENTIFIER = "com.demo.dd.-701Portal";
				PRODUCT_NAME = "$(TARGET_NAME)";
				SWIFT_EMIT_LOC_STRINGS = YES;
				TARGETED_DEVICE_FAMILY = 1;
			};
			name = Release;
		};
		3B6793B127C5D6C800B936DE /* Debug */ = {
			isa = XCBuildConfiguration;
			baseConfigurationReference = 2F6CB35C39E7FD7AB992FE8E /* Pods-1701PortalTests.debug.xcconfig */;
			buildSettings = {
				BUNDLE_LOADER = "$(TEST_HOST)";
				CODE_SIGN_STYLE = Automatic;
				CURRENT_PROJECT_VERSION = 1;
				DEVELOPMENT_TEAM = VC42FXQVPV;
				GENERATE_INFOPLIST_FILE = YES;
				IPHONEOS_DEPLOYMENT_TARGET = 15.0;
				LD_RUNPATH_SEARCH_PATHS = (
					"$(inherited)",
					"@executable_path/Frameworks",
					"@loader_path/Frameworks",
				);
				MARKETING_VERSION = 1.0;
				PRODUCT_BUNDLE_IDENTIFIER = "com.demo.dd.-701PortalTests";
				PRODUCT_NAME = "$(TARGET_NAME)";
				SWIFT_EMIT_LOC_STRINGS = NO;
				TARGETED_DEVICE_FAMILY = "1,2";
				TEST_HOST = "$(BUILT_PRODUCTS_DIR)/1701Portal.app/1701Portal";
			};
			name = Debug;
		};
		3B6793B227C5D6C800B936DE /* Release */ = {
			isa = XCBuildConfiguration;
			baseConfigurationReference = 801A8BA9D3B3E5C8DE03675A /* Pods-1701PortalTests.release.xcconfig */;
			buildSettings = {
				BUNDLE_LOADER = "$(TEST_HOST)";
				CODE_SIGN_STYLE = Automatic;
				CURRENT_PROJECT_VERSION = 1;
				DEVELOPMENT_TEAM = VC42FXQVPV;
				GENERATE_INFOPLIST_FILE = YES;
				IPHONEOS_DEPLOYMENT_TARGET = 15.0;
				LD_RUNPATH_SEARCH_PATHS = (
					"$(inherited)",
					"@executable_path/Frameworks",
					"@loader_path/Frameworks",
				);
				MARKETING_VERSION = 1.0;
				PRODUCT_BUNDLE_IDENTIFIER = "com.demo.dd.-701PortalTests";
				PRODUCT_NAME = "$(TARGET_NAME)";
				SWIFT_EMIT_LOC_STRINGS = NO;
				TARGETED_DEVICE_FAMILY = "1,2";
				TEST_HOST = "$(BUILT_PRODUCTS_DIR)/1701Portal.app/1701Portal";
			};
			name = Release;
		};
		3B6793B427C5D6C800B936DE /* Debug */ = {
			isa = XCBuildConfiguration;
			baseConfigurationReference = 240153945CEEC3175516397E /* Pods-1701Portal-1701PortalUITests.debug.xcconfig */;
			buildSettings = {
				CODE_SIGN_STYLE = Automatic;
				CURRENT_PROJECT_VERSION = 1;
				DEVELOPMENT_TEAM = VC42FXQVPV;
				GENERATE_INFOPLIST_FILE = YES;
				LD_RUNPATH_SEARCH_PATHS = (
					"$(inherited)",
					"@executable_path/Frameworks",
					"@loader_path/Frameworks",
				);
				MARKETING_VERSION = 1.0;
				PRODUCT_BUNDLE_IDENTIFIER = "com.demo.dd.-701PortalUITests";
				PRODUCT_NAME = "$(TARGET_NAME)";
				SWIFT_EMIT_LOC_STRINGS = NO;
				TARGETED_DEVICE_FAMILY = "1,2";
				TEST_TARGET_NAME = 1701Portal;
			};
			name = Debug;
		};
		3B6793B527C5D6C800B936DE /* Release */ = {
			isa = XCBuildConfiguration;
			baseConfigurationReference = E94C545995EE49BC1CD19A9F /* Pods-1701Portal-1701PortalUITests.release.xcconfig */;
			buildSettings = {
				CODE_SIGN_STYLE = Automatic;
				CURRENT_PROJECT_VERSION = 1;
				DEVELOPMENT_TEAM = VC42FXQVPV;
				GENERATE_INFOPLIST_FILE = YES;
				LD_RUNPATH_SEARCH_PATHS = (
					"$(inherited)",
					"@executable_path/Frameworks",
					"@loader_path/Frameworks",
				);
				MARKETING_VERSION = 1.0;
				PRODUCT_BUNDLE_IDENTIFIER = "com.demo.dd.-701PortalUITests";
				PRODUCT_NAME = "$(TARGET_NAME)";
				SWIFT_EMIT_LOC_STRINGS = NO;
				TARGETED_DEVICE_FAMILY = "1,2";
				TEST_TARGET_NAME = 1701Portal;
			};
			name = Release;
		};
/* End XCBuildConfiguration section */

/* Begin XCConfigurationList section */
		3B67937927C5D6C600B936DE /* Build configuration list for PBXProject "1701Portal" */ = {
			isa = XCConfigurationList;
			buildConfigurations = (
				3B6793AB27C5D6C800B936DE /* Debug */,
				3B6793AC27C5D6C800B936DE /* Release */,
			);
			defaultConfigurationIsVisible = 0;
			defaultConfigurationName = Release;
		};
		3B6793AD27C5D6C800B936DE /* Build configuration list for PBXNativeTarget "1701Portal" */ = {
			isa = XCConfigurationList;
			buildConfigurations = (
				3B6793AE27C5D6C800B936DE /* Debug */,
				3B6793AF27C5D6C800B936DE /* Release */,
			);
			defaultConfigurationIsVisible = 0;
			defaultConfigurationName = Release;
		};
		3B6793B027C5D6C800B936DE /* Build configuration list for PBXNativeTarget "1701PortalTests" */ = {
			isa = XCConfigurationList;
			buildConfigurations = (
				3B6793B127C5D6C800B936DE /* Debug */,
				3B6793B227C5D6C800B936DE /* Release */,
			);
			defaultConfigurationIsVisible = 0;
			defaultConfigurationName = Release;
		};
		3B6793B327C5D6C800B936DE /* Build configuration list for PBXNativeTarget "1701PortalUITests" */ = {
			isa = XCConfigurationList;
			buildConfigurations = (
				3B6793B427C5D6C800B936DE /* Debug */,
				3B6793B527C5D6C800B936DE /* Release */,
			);
			defaultConfigurationIsVisible = 0;
			defaultConfigurationName = Release;
		};
/* End XCConfigurationList section */
	};
	rootObject = 3B67937627C5D6C600B936DE /* Project object */;
}
