// !$*UTF8*$!
{
	archiveVersion = 1;
	classes = {
	};
	objectVersion = 55;
	objects = {

/* Begin PBXBuildFile section */
		3B67938327C5D6C600B936DE /* AppDelegate.m in Sources */ = {isa = PBXBuildFile; fileRef = 3B67938227C5D6C600B936DE /* AppDelegate.m */; };
		3B67938627C5D6C600B936DE /* SceneDelegate.m in Sources */ = {isa = PBXBuildFile; fileRef = 3B67938527C5D6C600B936DE /* SceneDelegate.m */; };
		3B67938927C5D6C600B936DE /* ViewController.m in Sources */ = {isa = PBXBuildFile; fileRef = 3B67938827C5D6C600B936DE /* ViewController.m */; };
		3B67938C27C5D6C600B936DE /* Main.storyboard in Resources */ = {isa = PBXBuildFile; fileRef = 3B67938A27C5D6C600B936DE /* Main.storyboard */; };
		3B67938E27C5D6C800B936DE /* Assets.xcassets in Resources */ = {isa = PBXBuildFile; fileRef = 3B67938D27C5D6C800B936DE /* Assets.xcassets */; };
		3B67939127C5D6C800B936DE /* LaunchScreen.storyboard in Resources */ = {isa = PBXBuildFile; fileRef = 3B67938F27C5D6C800B936DE /* LaunchScreen.storyboard */; };
		3B67939427C5D6C800B936DE /* main.m in Sources */ = {isa = PBXBuildFile; fileRef = 3B67939327C5D6C800B936DE /* main.m */; };
		3B67939E27C5D6C800B936DE /* _701PortalTests.m in Sources */ = {isa = PBXBuildFile; fileRef = 3B67939D27C5D6C800B936DE /* _701PortalTests.m */; };
		3B6793A827C5D6C800B936DE /* _701PortalUITests.m in Sources */ = {isa = PBXBuildFile; fileRef = 3B6793A727C5D6C800B936DE /* _701PortalUITests.m */; };
		3B6793AA27C5D6C800B936DE /* _701PortalUITestsLaunchTests.m in Sources */ = {isa = PBXBuildFile; fileRef = 3B6793A927C5D6C800B936DE /* _701PortalUITestsLaunchTests.m */; };
		4E30E9086A3F04C66B2A6FF9 /* Pods_1701Portal.framework in Frameworks */ = {isa = PBXBuildFile; fileRef = 7B68A95A8D39B2987FD77CA0 /* Pods_1701Portal.framework */; };
		AD4A9427CF1DDDF02A461FA5 /* Pods_1701Portal_1701PortalUITests.framework in Frameworks */ = {isa = PBXBuildFile; fileRef = 06A50BB820CFC8F80C92BA12 /* Pods_1701Portal_1701PortalUITests.framework */; };
		CB0C38D227D01178A40F366C /* Pods_1701PortalTests.framework in Frameworks */ = {isa = PBXBuildFile; fileRef = 9582CD62AB5CDBBEB742F4E1 /* Pods_1701PortalTests.framework */; };
/* End PBXBuildFile section */

/* Begin PBXContainerItemProxy section */
		3B67939A27C5D6C800B936DE /* PBXContainerItemProxy */ = {
			isa = PBXContainerItemProxy;
			containerPortal = 3B67937627C5D6C600B936DE /* Project object */;
			proxyType = 1;
			remoteGlobalIDString = 3B67937D27C5D6C600B936DE;
			remoteInfo = 1701Portal;
		};
		3B6793A427C5D6C800B936DE /* PBXContainerItemProxy */ = {
			isa = PBXContainerItemProxy;
			containerPortal = 3B67937627C5D6C600B936DE /* Project object */;
			proxyType = 1;
			remoteGlobalIDString = 3B67937D27C5D6C600B936DE;
			remoteInfo = 1701Portal;
		};
/* End PBXContainerItemProxy section */

/* Begin PBXFileReference section */
		06A50BB820CFC8F80C92BA12 /* Pods_1701Portal_1701PortalUITests.framework */ = {isa = PBXFileReference; explicitFileType = wrapper.framework; includeInIndex = 0; path = Pods_1701Portal_1701PortalUITests.framework; sourceTree = BUILT_PRODUCTS_DIR; };
		240153945CEEC3175516397E /* Pods-1701Portal-1701PortalUITests.debug.xcconfig */ = {isa = PBXFileReference; includeInIndex = 1; lastKnownFileType = text.xcconfig; name = "Pods-1701Portal-1701PortalUITests.debug.xcconfig"; path = "Target Support Files/Pods-1701Portal-1701PortalUITests/Pods-1701Portal-1701PortalUITests.debug.xcconfig"; sourceTree = "<group>"; };
		2F6CB35C39E7FD7AB992FE8E /* Pods-1701PortalTests.debug.xcconfig */ = {isa = PBXFileReference; includeInIndex = 1; lastKnownFileType = text.xcconfig; name = "Pods-1701PortalTests.debug.xcconfig"; path = "Target Support Files/Pods-1701PortalTests/Pods-1701PortalTests.debug.xcconfig"; sourceTree = "<group>"; };
		3B67937E27C5D6C600B936DE /* 1701Portal.app */ = {isa = PBXFileReference; explicitFileType = wrapper.application; includeInIndex = 0; path = 1701Portal.app; sourceTree = BUILT_PRODUCTS_DIR; };
		3B67938127C5D6C600B936DE /* AppDelegate.h */ = {isa = PBXFileReference; lastKnownFileType = sourcecode.c.h; path = AppDelegate.h; sourceTree = "<group>"; };
		3B67938227C5D6C600B936DE /* AppDelegate.m */ = {isa = PBXFileReference; lastKnownFileType = sourcecode.c.objc; path = AppDelegate.m; sourceTree = "<group>"; };
		3B67938427C5D6C600B936DE /* SceneDelegate.h */ = {isa = PBXFileReference; lastKnownFileType = sourcecode.c.h; path = SceneDelegate.h; sourceTree = "<group>"; };
		3B67938527C5D6C600B936DE /* SceneDelegate.m */ = {isa = PBXFileReference; lastKnownFileType = sourcecode.c.objc; path = SceneDelegate.m; sourceTree = "<group>"; };
		3B67938727C5D6C600B936DE /* ViewController.h */ = {isa = PBXFileReference; lastKnownFileType = sourcecode.c.h; path = ViewController.h; sourceTree = "<group>"; };
		3B67938827C5D6C600B936DE /* ViewController.m */ = {isa = PBXFileReference; lastKnownFileType = sourcecode.c.objc; path = ViewController.m; sourceTree = "<group>"; };
		3B67938B27C5D6C600B936DE /* Base */ = {isa = PBXFileReference; lastKnownFileType = file.storyboard; name = Base; path = Base.lproj/Main.storyboard; sourceTree = "<group>"; };
		3B67938D27C5D6C800B936DE /* Assets.xcassets */ = {isa = PBXFileReference; lastKnownFileType = folder.assetcatalog; path = Assets.xcassets; sourceTree = "<group>"; };
		3B67939027C5D6C800B936DE /* Base */ = {isa = PBXFileReference; lastKnownFileType = file.storyboard; name = Base; path = Base.lproj/LaunchScreen.storyboard; sourceTree = "<group>"; };
		3B67939227C5D6C800B936DE /* Info.plist */ = {isa = PBXFileReference; lastKnownFileType = text.plist.xml; path = Info.plist; sourceTree = "<group>"; };
		3B67939327C5D6C800B936DE /* main.m */ = {isa = PBXFileReference; lastKnownFileType = sourcecode.c.objc; path = main.m; sourceTree = "<group>"; };
		3B67939927C5D6C800B936DE /* 1701PortalTests.xctest */ = {isa = PBXFileReference; explicitFileType = wrapper.cfbundle; includeInIndex = 0; path = 1701PortalTests.xctest; sourceTree = BUILT_PRODUCTS_DIR; };
		3B67939D27C5D6C800B936DE /* _701PortalTests.m */ = {isa = PBXFileReference; lastKnownFileType = sourcecode.c.objc; path = _701PortalTests.m; sourceTree = "<group>"; };
		3B6793A327C5D6C800B936DE /* 1701PortalUITests.xctest */ = {isa = PBXFileReference; explicitFileType = wrapper.cfbundle; includeInIndex = 0; path = 1701PortalUITests.xctest; sourceTree = BUILT_PRODUCTS_DIR; };
		3B6793A727C5D6C800B936DE /* _701PortalUITests.m */ = {isa = PBXFileReference; lastKnownFileType = sourcecode.c.objc; path = _701PortalUITests.m; sourceTree = "<group>"; };
		3B6793A927C5D6C800B936DE /* _701PortalUITestsLaunchTests.m */ = {isa = PBXFileReference; lastKnownFileType = sourcecode.c.objc; path = _701PortalUITestsLaunchTests.m; sourceTree = "<group>"; };
		7B68A95A8D39B2987FD77CA0 /* Pods_1701Portal.framework */ = {isa = PBXFileReference; explicitFileType = wrapper.framework; includeInIndex = 0; path = Pods_1701Portal.framework; sourceTree = BUILT_PRODUCTS_DIR; };
		801A8BA9D3B3E5C8DE03675A /* Pods-1701PortalTests.release.xcconfig */ = {isa = PBXFileReference; includeInIndex = 1; lastKnownFileType = text.xcconfig; name = "Pods-1701PortalTests.release.xcconfig"; path = "Target Support Files/Pods-1701PortalTests/Pods-1701PortalTests.release.xcconfig"; sourceTree = "<group>"; };
		9582CD62AB5CDBBEB742F4E1 /* Pods_1701PortalTests.framework */ = {isa = PBXFileReference; explicitFileType = wrapper.framework; includeInIndex = 0; path = Pods_1701PortalTests.framework; sourceTree = BUILT_PRODUCTS_DIR; };
		9AA73B9B4AC293DC6CC2C8B5 /* Pods-1701Portal.debug.xcconfig */ = {isa = PBXFileReference; includeInIndex = 1; lastKnownFileType = text.xcconfig; name = "Pods-1701Portal.debug.xcconfig"; path = "Target Support Files/Pods-1701Portal/Pods-1701Portal.debug.xcconfig"; sourceTree = "<group>"; };
		E58AAB64F9864D9CEAEE4F61 /* Pods-1701Portal.release.xcconfig */ = {isa = PBXFileReference; includeInIndex = 1; lastKnownFileType = text.xcconfig; name = "Pods-1701Portal.release.xcconfig"; path = "Target Support Files/Pods-1701Portal/Pods-1701Portal.release.xcconfig"; sourceTree = "<group>"; };
		E94C545995EE49BC1CD19A9F /* Pods-1701Portal-1701PortalUITests.release.xcconfig */ = {isa = PBXFileReference; includeInIndex = 1; lastKnownFileType = text.xcconfig; name = "Pods-1701Portal-1701PortalUITests.release.xcconfig"; path = "Target Support Files/Pods-1701Portal-1701PortalUITests/Pods-1701Portal-1701PortalUITests.release.xcconfig"; sourceTree = "<group>"; };
/* End PBXFileReference section */

/* Begin PBXFrameworksBuildPhase section */
		3B67937B27C5D6C600B936DE /* Frameworks */ = {
			isa = PBXFrameworksBuildPhase;
			buildActionMask = 2147483647;
			files = (
				4E30E9086A3F04C66B2A6FF9 /* Pods_1701Portal.framework in Frameworks */,
			);
			runOnlyForDeploymentPostprocessing = 0;
		};
		3B67939627C5D6C800B936DE /* Frameworks */ = {
			isa = PBXFrameworksBuildPhase;
			buildActionMask = 2147483647;
			files = (
				CB0C38D227D01178A40F366C /* Pods_1701PortalTests.framework in Frameworks */,
			);
			runOnlyForDeploymentPostprocessing = 0;
		};
		3B6793A027C5D6C800B936DE /* Frameworks */ = {
			isa = PBXFrameworksBuildPhase;
			buildActionMask = 2147483647;
			files = (
				AD4A9427CF1DDDF02A461FA5 /* Pods_1701Portal_1701PortalUITests.framework in Frameworks */,
			);
			runOnlyForDeploymentPostprocessing = 0;
		};
/* End PBXFrameworksBuildPhase section */

/* Begin PBXGroup section */
		3B67937527C5D6C600B936DE = {
			isa = PBXGroup;
			children = (
				3B67938027C5D6C600B936DE /* 1701Portal */,
				3B67939C27C5D6C800B936DE /* 1701PortalTests */,
				3B6793A627C5D6C800B936DE /* 1701PortalUITests */,
				3B67937F27C5D6C600B936DE /* Products */,
				66755F9DA23631756CB3D72D /* Pods */,
				47B89EB3A2A562AEE212911A /* Frameworks */,
			);
			sourceTree = "<group>";
		};
		3B67937F27C5D6C600B936DE /* Products */ = {
			isa = PBXGroup;
			children = (
				3B67937E27C5D6C600B936DE /* 1701Portal.app */,
				3B67939927C5D6C800B936DE /* 1701PortalTests.xctest */,
				3B6793A327C5D6C800B936DE /* 1701PortalUITests.xctest */,
			);
			name = Products;
			sourceTree = "<group>";
		};
		3B67938027C5D6C600B936DE /* 1701Portal */ = {
			isa = PBXGroup;
			children = (
				3B67938127C5D6C600B936DE /* AppDelegate.h */,
				3B67938227C5D6C600B936DE /* AppDelegate.m */,
				3B67938427C5D6C600B936DE /* SceneDelegate.h */,
				3B67938527C5D6C600B936DE /* SceneDelegate.m */,
				3B67938727C5D6C600B936DE /* ViewController.h */,
				3B67938827C5D6C600B936DE /* ViewController.m */,
				3B67938A27C5D6C600B936DE /* Main.storyboard */,
				3B67938D27C5D6C800B936DE /* Assets.xcassets */,
				3B67938F27C5D6C800B936DE /* LaunchScreen.storyboard */,
				3B67939227C5D6C800B936DE /* Info.plist */,
				3B67939327C5D6C800B936DE /* main.m */,
			);
			path = 1701Portal;
			sourceTree = "<group>";
		};
		3B67939C27C5D6C800B936DE /* 1701PortalTests */ = {
			isa = PBXGroup;
			children = (
				3B67939D27C5D6C800B936DE /* _701PortalTests.m */,
			);
			path = 1701PortalTests;
			sourceTree = "<group>";
		};
		3B6793A627C5D6C800B936DE /* 1701PortalUITests */ = {
			isa = PBXGroup;
			children = (
				3B6793A727C5D6C800B936DE /* _701PortalUITests.m */,
				3B6793A927C5D6C800B936DE /* _701PortalUITestsLaunchTests.m */,
			);
			path = 1701PortalUITests;
			sourceTree = "<group>";
		};
		47B89EB3A2A562AEE212911A /* Frameworks */ = {
			isa = PBXGroup;
			children = (
				7B68A95A8D39B2987FD77CA0 /* Pods_1701Portal.framework */,
				06A50BB820CFC8F80C92BA12 /* Pods_1701Portal_1701PortalUITests.framework */,
				9582CD62AB5CDBBEB742F4E1 /* Pods_1701PortalTests.framework */,
			);
			name = Frameworks;
			sourceTree = "<group>";
		};
		66755F9DA23631756CB3D72D /* Pods */ = {
			isa = PBXGroup;
			children = (
				9AA73B9B4AC293DC6CC2C8B5 /* Pods-1701Portal.debug.xcconfig */,
				E58AAB64F9864D9CEAEE4F61 /* Pods-1701Portal.release.xcconfig */,
				240153945CEEC3175516397E /* Pods-1701Portal-1701PortalUITests.debug.xcconfig */,
				E94C545995EE49BC1CD19A9F /* Pods-1701Portal-1701PortalUITests.release.xcconfig */,
				2F6CB35C39E7FD7AB992FE8E /* Pods-1701PortalTests.debug.xcconfig */,
				801A8BA9D3B3E5C8DE03675A /* Pods-1701PortalTests.release.xcconfig */,
			);
			name = Pods;
			path = Pods;
			sourceTree = "<group>";
		};
/* End PBXGroup section */

/* Begin PBXNativeTarget section */
		3B67937D27C5D6C600B936DE /* 1701Portal */ = {
			isa = PBXNativeTarget;
			buildConfigurationList = 3B6793AD27C5D6C800B936DE /* Build configuration list for PBXNativeTarget "1701Portal" */;
			buildPhases = (
				1FBEFA82F4264E8002877D4D /* [CP] Check Pods Manifest.lock */,
				3B67937A27C5D6C600B936DE /* Sources */,
				3B67937B27C5D6C600B936DE /* Frameworks */,
				3B67937C27C5D6C600B936DE /* Resources */,
				65F85A0F5CB42EE08A49627C /* [CP] Embed Pods Frameworks */,
			);
			buildRules = (
			);
			dependencies = (
			);
			name = 1701Portal;
			productName = 1701Portal;
			productReference = 3B67937E27C5D6C600B936DE /* 1701Portal.app */;
			productType = "com.apple.product-type.application";
		};
		3B67939827C5D6C800B936DE /* 1701PortalTests */ = {
			isa = PBXNativeTarget;
			buildConfigurationList = 3B6793B027C5D6C800B936DE /* Build configuration list for PBXNativeTarget "1701PortalTests" */;
			buildPhases = (
				CDA55BD778B7F73813ED2F60 /* [CP] Check Pods Manifest.lock */,
				3B67939527C5D6C800B936DE /* Sources */,
				3B67939627C5D6C800B936DE /* Frameworks */,
				3B67939727C5D6C800B936DE /* Resources */,
			);
			buildRules = (
			);
			dependencies = (
				3B67939B27C5D6C800B936DE /* PBXTargetDependency */,
			);
			name = 1701PortalTests;
			productName = 1701PortalTests;
			productReference = 3B67939927C5D6C800B936DE /* 1701PortalTests.xctest */;
			productType = "com.apple.product-type.bundle.unit-test";
		};
		3B6793A227C5D6C800B936DE /* 1701PortalUITests */ = {
			isa = PBXNativeTarget;
			buildConfigurationList = 3B6793B327C5D6C800B936DE /* Build configuration list for PBXNativeTarget "1701PortalUITests" */;
			buildPhases = (
				B5908B5D8394E0532599A298 /* [CP] Check Pods Manifest.lock */,
				3B67939F27C5D6C800B936DE /* Sources */,
				3B6793A027C5D6C800B936DE /* Frameworks */,
				3B6793A127C5D6C800B936DE /* Resources */,
				E5B029A5E4B3E7E37ADD33B3 /* [CP] Embed Pods Frameworks */,
			);
			buildRules = (
			);
			dependencies = (
				3B6793A527C5D6C800B936DE /* PBXTargetDependency */,
			);
			name = 1701PortalUITests;
			productName = 1701PortalUITests;
			productReference = 3B6793A327C5D6C800B936DE /* 1701PortalUITests.xctest */;
			productType = "com.apple.product-type.bundle.ui-testing";
		};
/* End PBXNativeTarget section */

/* Begin PBXProject section */
		3B67937627C5D6C600B936DE /* Project object */ = {
			isa = PBXProject;
			attributes = {
				BuildIndependentTargetsInParallel = 1;
				LastUpgradeCheck = 1300;
				TargetAttributes = {
					3B67937D27C5D6C600B936DE = {
						CreatedOnToolsVersion = 13.0;
					};
					3B67939827C5D6C800B936DE = {
						CreatedOnToolsVersion = 13.0;
						TestTargetID = 3B67937D27C5D6C600B936DE;
					};
					3B6793A227C5D6C800B936DE = {
						CreatedOnToolsVersion = 13.0;
						TestTargetID = 3B67937D27C5D6C600B936DE;
					};
				};
			};
			buildConfigurationList = 3B67937927C5D6C600B936DE /* Build configuration list for PBXProject "1701Portal" */;
			compatibilityVersion = "Xcode 13.0";
			developmentRegion = en;
			hasScannedForEncodings = 0;
			knownRegions = (
				en,
				Base,
			);
			mainGroup = 3B67937527C5D6C600B936DE;
			productRefGroup = 3B67937F27C5D6C600B936DE /* Products */;
			projectDirPath = "";
			projectRoot = "";
			targets = (
				3B67937D27C5D6C600B936DE /* 1701Portal */,
				3B67939827C5D6C800B936DE /* 1701PortalTests */,
				3B6793A227C5D6C800B936DE /* 1701PortalUITests */,
			);
		};
/* End PBXProject section */

/* Begin PBXResourcesBuildPhase section */
		3B67937C27C5D6C600B936DE /* Resources */ = {
			isa = PBXResourcesBuildPhase;
			buildActionMask = 2147483647;
			files = (
				3B67939127C5D6C800B936DE /* LaunchScreen.storyboard in Resources */,
				3B67938E27C5D6C800B936DE /* Assets.xcassets in Resources */,
				3B67938C27C5D6C600B936DE /* Main.storyboard in Resources */,
			);
			runOnlyForDeploymentPostprocessing = 0;
		};
		3B67939727C5D6C800B936DE /* Resources */ = {
			isa = PBXResourcesBuildPhase;
			buildActionMask = 2147483647;
			files = (
			);
			runOnlyForDeploymentPostprocessing = 0;
		};
		3B6793A127C5D6C800B936DE /* Resources */ = {
			isa = PBXResourcesBuildPhase;
			buildActionMask = 2147483647;
			files = (
			);
			runOnlyForDeploymentPostprocessing = 0;
		};
/* End PBXResourcesBuildPhase section */

/* Begin PBXShellScriptBuildPhase section */
		1FBEFA82F4264E8002877D4D /* [CP] Check Pods Manifest.lock */ = {
			isa = PBXShellScriptBuildPhase;
			buildActionMask = 2147483647;
			files = (
			);
			inputFileListPaths = (
			);
			inputPaths = (
				"${PODS_PODFILE_DIR_PATH}/Podfile.lock",
				"${PODS_ROOT}/Manifest.lock",
			);
			name = "[CP] Check Pods Manifest.lock";
			outputFileListPaths = (
			);
			outputPaths = (
				"$(DERIVED_FILE_DIR)/Pods-1701Portal-checkManifestLockResult.txt",
			);
			runOnlyForDeploymentPostprocessing = 0;
			shellPath = /bin/sh;
			shellScript = "diff \"${PODS_PODFILE_DIR_PATH}/Podfile.lock\" \"${PODS_ROOT}/Manifest.lock\" > /dev/null\nif [ $? != 0 ] ; then\n    # print error to STDERR\n    echo \"error: The sandbox is not in sync with the Podfile.lock. Run 'pod install' or update your CocoaPods installation.\" >&2\n    exit 1\nfi\n# This output is used by Xcode 'outputs' to avoid re-running this script phase.\necho \"SUCCESS\" > \"${SCRIPT_OUTPUT_FILE_0}\"\n";
			showEnvVarsInLog = 0;
		};
		65F85A0F5CB42EE08A49627C /* [CP] Embed Pods Frameworks */ = {
			isa = PBXShellScriptBuildPhase;
			buildActionMask = 2147483647;
			files = (
			);
			inputFileListPaths = (
				"${PODS_ROOT}/Target Support Files/Pods-1701Portal/Pods-1701Portal-frameworks-${CONFIGURATION}-input-files.xcfilelist",
			);
			name = "[CP] Embed Pods Frameworks";
			outputFileListPaths = (
				"${PODS_ROOT}/Target Support Files/Pods-1701Portal/Pods-1701Portal-frameworks-${CONFIGURATION}-output-files.xcfilelist",
			);
			runOnlyForDeploymentPostprocessing = 0;
			shellPath = /bin/sh;
			shellScript = "\"${PODS_ROOT}/Target Support Files/Pods-1701Portal/Pods-1701Portal-frameworks.sh\"\n";
			showEnvVarsInLog = 0;
		};
		B5908B5D8394E0532599A298 /* [CP] Check Pods Manifest.lock */ = {
			isa = PBXShellScriptBuildPhase;
			buildActionMask = 2147483647;
			files = (
			);
			inputFileListPaths = (
			);
			inputPaths = (
				"${PODS_PODFILE_DIR_PATH}/Podfile.lock",
				"${PODS_ROOT}/Manifest.lock",
			);
			name = "[CP] Check Pods Manifest.lock";
			outputFileListPaths = (
			);
			outputPaths = (
				"$(DERIVED_FILE_DIR)/Pods-1701Portal-1701PortalUITests-checkManifestLockResult.txt",
			);
			runOnlyForDeploymentPostprocessing = 0;
			shellPath = /bin/sh;
			shellScript = "diff \"${PODS_PODFILE_DIR_PATH}/Podfile.lock\" \"${PODS_ROOT}/Manifest.lock\" > /dev/null\nif [ $? != 0 ] ; then\n    # print error to STDERR\n    echo \"error: The sandbox is not in sync with the Podfile.lock. Run 'pod install' or update your CocoaPods installation.\" >&2\n    exit 1\nfi\n# This output is used by Xcode 'outputs' to avoid re-running this script phase.\necho \"SUCCESS\" > \"${SCRIPT_OUTPUT_FILE_0}\"\n";
			showEnvVarsInLog = 0;
		};
		CDA55BD778B7F73813ED2F60 /* [CP] Check Pods Manifest.lock */ = {
			isa = PBXShellScriptBuildPhase;
			buildActionMask = 2147483647;
			files = (
			);
			inputFileListPaths = (
			);
			inputPaths = (
				"${PODS_PODFILE_DIR_PATH}/Podfile.lock",
				"${PODS_ROOT}/Manifest.lock",
			);
			name = "[CP] Check Pods Manifest.lock";
			outputFileListPaths = (
			);
			outputPaths = (
				"$(DERIVED_FILE_DIR)/Pods-1701PortalTests-checkManifestLockResult.txt",
			);
			runOnlyForDeploymentPostprocessing = 0;
			shellPath = /bin/sh;
			shellScript = "diff \"${PODS_PODFILE_DIR_PATH}/Podfile.lock\" \"${PODS_ROOT}/Manifest.lock\" > /dev/null\nif [ $? != 0 ] ; then\n    # print error to STDERR\n    echo \"error: The sandbox is not in sync with the Podfile.lock. Run 'pod install' or update your CocoaPods installation.\" >&2\n    exit 1\nfi\n# This output is used by Xcode 'outputs' to avoid re-running this script phase.\necho \"SUCCESS\" > \"${SCRIPT_OUTPUT_FILE_0}\"\n";
			showEnvVarsInLog = 0;
		};
		E5B029A5E4B3E7E37ADD33B3 /* [CP] Embed Pods Frameworks */ = {
			isa = PBXShellScriptBuildPhase;
			buildActionMask = 2147483647;
			files = (
			);
			inputFileListPaths = (
				"${PODS_ROOT}/Target Support Files/Pods-1701Portal-1701PortalUITests/Pods-1701Portal-1701PortalUITests-frameworks-${CONFIGURATION}-input-files.xcfilelist",
			);
			name = "[CP] Embed Pods Frameworks";
			outputFileListPaths = (
				"${PODS_ROOT}/Target Support Files/Pods-1701Portal-1701PortalUITests/Pods-1701Portal-1701PortalUITests-frameworks-${CONFIGURATION}-output-files.xcfilelist",
			);
			runOnlyForDeploymentPostprocessing = 0;
			shellPath = /bin/sh;
			shellScript = "\"${PODS_ROOT}/Target Support Files/Pods-1701Portal-1701PortalUITests/Pods-1701Portal-1701PortalUITests-frameworks.sh\"\n";
			showEnvVarsInLog = 0;
		};
/* End PBXShellScriptBuildPhase section */

/* Begin PBXSourcesBuildPhase section */
		3B67937A27C5D6C600B936DE /* Sources */ = {
			isa = PBXSourcesBuildPhase;
			buildActionMask = 2147483647;
			files = (
				3B67938927C5D6C600B936DE /* ViewController.m in Sources */,
				3B67938327C5D6C600B936DE /* AppDelegate.m in Sources */,
				3B67939427C5D6C800B936DE /* main.m in Sources */,
				3B67938627C5D6C600B936DE /* SceneDelegate.m in Sources */,
			);
			runOnlyForDeploymentPostprocessing = 0;
		};
		3B67939527C5D6C800B936DE /* Sources */ = {
			isa = PBXSourcesBuildPhase;
			buildActionMask = 2147483647;
			files = (
				3B67939E27C5D6C800B936DE /* _701PortalTests.m in Sources */,
			);
			runOnlyForDeploymentPostprocessing = 0;
		};
		3B67939F27C5D6C800B936DE /* Sources */ = {
			isa = PBXSourcesBuildPhase;
			buildActionMask = 2147483647;
			files = (
				3B6793A827C5D6C800B936DE /* _701PortalUITests.m in Sources */,
				3B6793AA27C5D6C800B936DE /* _701PortalUITestsLaunchTests.m in Sources */,
			);
			runOnlyForDeploymentPostprocessing = 0;
		};
/* End PBXSourcesBuildPhase section */

/* Begin PBXTargetDependency section */
		3B67939B27C5D6C800B936DE /* PBXTargetDependency */ = {
			isa = PBXTargetDependency;
			target = 3B67937D27C5D6C600B936DE /* 1701Portal */;
			targetProxy = 3B67939A27C5D6C800B936DE /* PBXContainerItemProxy */;
		};
		3B6793A527C5D6C800B936DE /* PBXTargetDependency */ = {
			isa = PBXTargetDependency;
			target = 3B67937D27C5D6C600B936DE /* 1701Portal */;
			targetProxy = 3B6793A427C5D6C800B936DE /* PBXContainerItemProxy */;
		};
/* End PBXTargetDependency section */

/* Begin PBXVariantGroup section */
		3B67938A27C5D6C600B936DE /* Main.storyboard */ = {
			isa = PBXVariantGroup;
			children = (
				3B67938B27C5D6C600B936DE /* Base */,
			);
			name = Main.storyboard;
			sourceTree = "<group>";
		};
		3B67938F27C5D6C800B936DE /* LaunchScreen.storyboard */ = {
			isa = PBXVariantGroup;
			children = (
				3B67939027C5D6C800B936DE /* Base */,
			);
			name = LaunchScreen.storyboard;
			sourceTree = "<group>";
		};
/* End PBXVariantGroup section */

/* Begin XCBuildConfiguration section */
		3B6793AB27C5D6C800B936DE /* Debug */ = {
			isa = XCBuildConfiguration;
			buildSettings = {
				ALWAYS_SEARCH_USER_PATHS = NO;
				CLANG_ANALYZER_NONNULL = YES;
				CLANG_ANALYZER_NUMBER_OBJECT_CONVERSION = YES_AGGRESSIVE;
				CLANG_CXX_LANGUAGE_STANDARD = "gnu++17";
				CLANG_CXX_LIBRARY = "libc++";
				CLANG_ENABLE_MODULES = YES;
				CLANG_ENABLE_OBJC_ARC = YES;
				CLANG_ENABLE_OBJC_WEAK = YES;
				CLANG_WARN_BLOCK_CAPTURE_AUTORELEASING = YES;
				CLANG_WARN_BOOL_CONVERSION = YES;
				CLANG_WARN_COMMA = YES;
				CLANG_WARN_CONSTANT_CONVERSION = YES;
				CLANG_WARN_DEPRECATED_OBJC_IMPLEMENTATIONS = YES;
				CLANG_WARN_DIRECT_OBJC_ISA_USAGE = YES_ERROR;
				CLANG_WARN_DOCUMENTATION_COMMENTS = YES;
				CLANG_WARN_EMPTY_BODY = YES;
				CLANG_WARN_ENUM_CONVERSION = YES;
				CLANG_WARN_INFINITE_RECURSION = YES;
				CLANG_WARN_INT_CONVERSION = YES;
				CLANG_WARN_NON_LITERAL_NULL_CONVERSION = YES;
				CLANG_WARN_OBJC_IMPLICIT_RETAIN_SELF = YES;
				CLANG_WARN_OBJC_LITERAL_CONVERSION = YES;
				CLANG_WARN_OBJC_ROOT_CLASS = YES_ERROR;
				CLANG_WARN_QUOTED_INCLUDE_IN_FRAMEWORK_HEADER = YES;
				CLANG_WARN_RANGE_LOOP_ANALYSIS = YES;
				CLANG_WARN_STRICT_PROTOTYPES = YES;
				CLANG_WARN_SUSPICIOUS_MOVE = YES;
				CLANG_WARN_UNGUARDED_AVAILABILITY = YES_AGGRESSIVE;
				CLANG_WARN_UNREACHABLE_CODE = YES;
				CLANG_WARN__DUPLICATE_METHOD_MATCH = YES;
				COPY_PHASE_STRIP = NO;
				DEBUG_INFORMATION_FORMAT = dwarf;
				ENABLE_STRICT_OBJC_MSGSEND = YES;
				ENABLE_TESTABILITY = YES;
				GCC_C_LANGUAGE_STANDARD = gnu11;
				GCC_DYNAMIC_NO_PIC = NO;
				GCC_NO_COMMON_BLOCKS = YES;
				GCC_OPTIMIZATION_LEVEL = 0;
				GCC_PREPROCESSOR_DEFINITIONS = (
					"DEBUG=1",
					"$(inherited)",
				);
				GCC_WARN_64_TO_32_BIT_CONVERSION = YES;
				GCC_WARN_ABOUT_RETURN_TYPE = YES_ERROR;
				GCC_WARN_UNDECLARED_SELECTOR = YES;
				GCC_WARN_UNINITIALIZED_AUTOS = YES_AGGRESSIVE;
				GCC_WARN_UNUSED_FUNCTION = YES;
				GCC_WARN_UNUSED_VARIABLE = YES;
				IPHONEOS_DEPLOYMENT_TARGET = 15.0;
				MTL_ENABLE_DEBUG_INFO = INCLUDE_SOURCE;
				MTL_FAST_MATH = YES;
				ONLY_ACTIVE_ARCH = YES;
				SDKROOT = iphoneos;
			};
			name = Debug;
		};
		3B6793AC27C5D6C800B936DE /* Release */ = {
			isa = XCBuildConfiguration;
			buildSettings = {
				ALWAYS_SEARCH_USER_PATHS = NO;
				CLANG_ANALYZER_NONNULL = YES;
				CLANG_ANALYZER_NUMBER_OBJECT_CONVERSION = YES_AGGRESSIVE;
				CLANG_CXX_LANGUAGE_STANDARD = "gnu++17";
				CLANG_CXX_LIBRARY = "libc++";
				CLANG_ENABLE_MODULES = YES;
				CLANG_ENABLE_OBJC_ARC = YES;
				CLANG_ENABLE_OBJC_WEAK = YES;
				CLANG_WARN_BLOCK_CAPTURE_AUTORELEASING = YES;
				CLANG_WARN_BOOL_CONVERSION = YES;
				CLANG_WARN_COMMA = YES;
				CLANG_WARN_CONSTANT_CONVERSION = YES;
				CLANG_WARN_DEPRECATED_OBJC_IMPLEMENTATIONS = YES;
				CLANG_WARN_DIRECT_OBJC_ISA_USAGE = YES_ERROR;
				CLANG_WARN_DOCUMENTATION_COMMENTS = YES;
				CLANG_WARN_EMPTY_BODY = YES;
				CLANG_WARN_ENUM_CONVERSION = YES;
				CLANG_WARN_INFINITE_RECURSION = YES;
				CLANG_WARN_INT_CONVERSION = YES;
				CLANG_WARN_NON_LITERAL_NULL_CONVERSION = YES;
				CLANG_WARN_OBJC_IMPLICIT_RETAIN_SELF = YES;
				CLANG_WARN_OBJC_LITERAL_CONVERSION = YES;
				CLANG_WARN_OBJC_ROOT_CLASS = YES_ERROR;
				CLANG_WARN_QUOTED_INCLUDE_IN_FRAMEWORK_HEADER = YES;
				CLANG_WARN_RANGE_LOOP_ANALYSIS = YES;
				CLANG_WARN_STRICT_PROTOTYPES = YES;
				CLANG_WARN_SUSPICIOUS_MOVE = YES;
				CLANG_WARN_UNGUARDED_AVAILABILITY = YES_AGGRESSIVE;
				CLANG_WARN_UNREACHABLE_CODE = YES;
				CLANG_WARN__DUPLICATE_METHOD_MATCH = YES;
				COPY_PHASE_STRIP = NO;
				DEBUG_INFORMATION_FORMAT = "dwarf-with-dsym";
				ENABLE_NS_ASSERTIONS = NO;
				ENABLE_STRICT_OBJC_MSGSEND = YES;
				GCC_C_LANGUAGE_STANDARD = gnu11;
				GCC_NO_COMMON_BLOCKS = YES;
				GCC_WARN_64_TO_32_BIT_CONVERSION = YES;
				GCC_WARN_ABOUT_RETURN_TYPE = YES_ERROR;
				GCC_WARN_UNDECLARED_SELECTOR = YES;
				GCC_WARN_UNINITIALIZED_AUTOS = YES_AGGRESSIVE;
				GCC_WARN_UNUSED_FUNCTION = YES;
				GCC_WARN_UNUSED_VARIABLE = YES;
				IPHONEOS_DEPLOYMENT_TARGET = 15.0;
				MTL_ENABLE_DEBUG_INFO = NO;
				MTL_FAST_MATH = YES;
				SDKROOT = iphoneos;
				VALIDATE_PRODUCT = YES;
			};
			name = Release;
		};
		3B6793AE27C5D6C800B936DE /* Debug */ = {
			isa = XCBuildConfiguration;
			baseConfigurationReference = 9AA73B9B4AC293DC6CC2C8B5 /* Pods-1701Portal.debug.xcconfig */;
			buildSettings = {
				ASSETCATALOG_COMPILER_APPICON_NAME = AppIcon;
				ASSETCATALOG_COMPILER_GLOBAL_ACCENT_COLOR_NAME = AccentColor;
				CODE_SIGN_STYLE = Automatic;
				CURRENT_PROJECT_VERSION = 1;
				DEVELOPMENT_TEAM = VC42FXQVPV;
				GENERATE_INFOPLIST_FILE = YES;
				INFOPLIST_FILE = 1701Portal/Info.plist;
				INFOPLIST_KEY_UIApplicationSupportsIndirectInputEvents = YES;
				INFOPLIST_KEY_UILaunchStoryboardName = LaunchScreen;
				INFOPLIST_KEY_UIMainStoryboardFile = Main;
				INFOPLIST_KEY_UISupportedInterfaceOrientations_iPad = "UIInterfaceOrientationPortrait UIInterfaceOrientationPortraitUpsideDown UIInterfaceOrientationLandscapeLeft UIInterfaceOrientationLandscapeRight";
				INFOPLIST_KEY_UISupportedInterfaceOrientations_iPhone = "UIInterfaceOrientationPortrait UIInterfaceOrientationLandscapeLeft UIInterfaceOrientationLandscapeRight";
				LD_RUNPATH_SEARCH_PATHS = (
					"$(inherited)",
					"@executable_path/Frameworks",
				);
				MARKETING_VERSION = 1.0;
				PRODUCT_BUNDLE_IDENTIFIER = "com.demo.dd.-701Portal";
				PRODUCT_NAME = "$(TARGET_NAME)";
				SWIFT_EMIT_LOC_STRINGS = YES;
				TARGETED_DEVICE_FAMILY = "1,2";
			};
			name = Debug;
		};
		3B6793AF27C5D6C800B936DE /* Release */ = {
			isa = XCBuildConfiguration;
			baseConfigurationReference = E58AAB64F9864D9CEAEE4F61 /* Pods-1701Portal.release.xcconfig */;
			buildSettings = {
				ASSETCATALOG_COMPILER_APPICON_NAME = AppIcon;
				ASSETCATALOG_COMPILER_GLOBAL_ACCENT_COLOR_NAME = AccentColor;
				CODE_SIGN_STYLE = Automatic;
				CURRENT_PROJECT_VERSION = 1;
				DEVELOPMENT_TEAM = VC42FXQVPV;
				GENERATE_INFOPLIST_FILE = YES;
				INFOPLIST_FILE = 1701Portal/Info.plist;
				INFOPLIST_KEY_UIApplicationSupportsIndirectInputEvents = YES;
				INFOPLIST_KEY_UILaunchStoryboardName = LaunchScreen;
				INFOPLIST_KEY_UIMainStoryboardFile = Main;
				INFOPLIST_KEY_UISupportedInterfaceOrientations_iPad = "UIInterfaceOrientationPortrait UIInterfaceOrientationPortraitUpsideDown UIInterfaceOrientationLandscapeLeft UIInterfaceOrientationLandscapeRight";
				INFOPLIST_KEY_UISupportedInterfaceOrientations_iPhone = "UIInterfaceOrientationPortrait UIInterfaceOrientationLandscapeLeft UIInterfaceOrientationLandscapeRight";
				LD_RUNPATH_SEARCH_PATHS = (
					"$(inherited)",
					"@executable_path/Frameworks",
				);
				MARKETING_VERSION = 1.0;
				PRODUCT_BUNDLE_IDENTIFIER = "com.demo.dd.-701Portal";
				PRODUCT_NAME = "$(TARGET_NAME)";
				SWIFT_EMIT_LOC_STRINGS = YES;
				TARGETED_DEVICE_FAMILY = "1,2";
			};
			name = Release;
		};
		3B6793B127C5D6C800B936DE /* Debug */ = {
			isa = XCBuildConfiguration;
			baseConfigurationReference = 2F6CB35C39E7FD7AB992FE8E /* Pods-1701PortalTests.debug.xcconfig */;
			buildSettings = {
				BUNDLE_LOADER = "$(TEST_HOST)";
				CODE_SIGN_STYLE = Automatic;
				CURRENT_PROJECT_VERSION = 1;
				DEVELOPMENT_TEAM = VC42FXQVPV;
				GENERATE_INFOPLIST_FILE = YES;
				IPHONEOS_DEPLOYMENT_TARGET = 15.0;
				LD_RUNPATH_SEARCH_PATHS = (
					"$(inherited)",
					"@executable_path/Frameworks",
					"@loader_path/Frameworks",
				);
				MARKETING_VERSION = 1.0;
				PRODUCT_BUNDLE_IDENTIFIER = "com.demo.dd.-701PortalTests";
				PRODUCT_NAME = "$(TARGET_NAME)";
				SWIFT_EMIT_LOC_STRINGS = NO;
				TARGETED_DEVICE_FAMILY = "1,2";
				TEST_HOST = "$(BUILT_PRODUCTS_DIR)/1701Portal.app/1701Portal";
			};
			name = Debug;
		};
		3B6793B227C5D6C800B936DE /* Release */ = {
			isa = XCBuildConfiguration;
			baseConfigurationReference = 801A8BA9D3B3E5C8DE03675A /* Pods-1701PortalTests.release.xcconfig */;
			buildSettings = {
				BUNDLE_LOADER = "$(TEST_HOST)";
				CODE_SIGN_STYLE = Automatic;
				CURRENT_PROJECT_VERSION = 1;
				DEVELOPMENT_TEAM = VC42FXQVPV;
				GENERATE_INFOPLIST_FILE = YES;
				IPHONEOS_DEPLOYMENT_TARGET = 15.0;
				LD_RUNPATH_SEARCH_PATHS = (
					"$(inherited)",
					"@executable_path/Frameworks",
					"@loader_path/Frameworks",
				);
				MARKETING_VERSION = 1.0;
				PRODUCT_BUNDLE_IDENTIFIER = "com.demo.dd.-701PortalTests";
				PRODUCT_NAME = "$(TARGET_NAME)";
				SWIFT_EMIT_LOC_STRINGS = NO;
				TARGETED_DEVICE_FAMILY = "1,2";
				TEST_HOST = "$(BUILT_PRODUCTS_DIR)/1701Portal.app/1701Portal";
			};
			name = Release;
		};
		3B6793B427C5D6C800B936DE /* Debug */ = {
			isa = XCBuildConfiguration;
			baseConfigurationReference = 240153945CEEC3175516397E /* Pods-1701Portal-1701PortalUITests.debug.xcconfig */;
			buildSettings = {
				CODE_SIGN_STYLE = Automatic;
				CURRENT_PROJECT_VERSION = 1;
				DEVELOPMENT_TEAM = VC42FXQVPV;
				GENERATE_INFOPLIST_FILE = YES;
				LD_RUNPATH_SEARCH_PATHS = (
					"$(inherited)",
					"@executable_path/Frameworks",
					"@loader_path/Frameworks",
				);
				MARKETING_VERSION = 1.0;
				PRODUCT_BUNDLE_IDENTIFIER = "com.demo.dd.-701PortalUITests";
				PRODUCT_NAME = "$(TARGET_NAME)";
				SWIFT_EMIT_LOC_STRINGS = NO;
				TARGETED_DEVICE_FAMILY = "1,2";
				TEST_TARGET_NAME = 1701Portal;
			};
			name = Debug;
		};
		3B6793B527C5D6C800B936DE /* Release */ = {
			isa = XCBuildConfiguration;
			baseConfigurationReference = E94C545995EE49BC1CD19A9F /* Pods-1701Portal-1701PortalUITests.release.xcconfig */;
			buildSettings = {
				CODE_SIGN_STYLE = Automatic;
				CURRENT_PROJECT_VERSION = 1;
				DEVELOPMENT_TEAM = VC42FXQVPV;
				GENERATE_INFOPLIST_FILE = YES;
				LD_RUNPATH_SEARCH_PATHS = (
					"$(inherited)",
					"@executable_path/Frameworks",
					"@loader_path/Frameworks",
				);
				MARKETING_VERSION = 1.0;
				PRODUCT_BUNDLE_IDENTIFIER = "com.demo.dd.-701PortalUITests";
				PRODUCT_NAME = "$(TARGET_NAME)";
				SWIFT_EMIT_LOC_STRINGS = NO;
				TARGETED_DEVICE_FAMILY = "1,2";
				TEST_TARGET_NAME = 1701Portal;
			};
			name = Release;
		};
/* End XCBuildConfiguration section */

/* Begin XCConfigurationList section */
		3B67937927C5D6C600B936DE /* Build configuration list for PBXProject "1701Portal" */ = {
			isa = XCConfigurationList;
			buildConfigurations = (
				3B6793AB27C5D6C800B936DE /* Debug */,
				3B6793AC27C5D6C800B936DE /* Release */,
			);
			defaultConfigurationIsVisible = 0;
			defaultConfigurationName = Release;
		};
		3B6793AD27C5D6C800B936DE /* Build configuration list for PBXNativeTarget "1701Portal" */ = {
			isa = XCConfigurationList;
			buildConfigurations = (
				3B6793AE27C5D6C800B936DE /* Debug */,
				3B6793AF27C5D6C800B936DE /* Release */,
			);
			defaultConfigurationIsVisible = 0;
			defaultConfigurationName = Release;
		};
		3B6793B027C5D6C800B936DE /* Build configuration list for PBXNativeTarget "1701PortalTests" */ = {
			isa = XCConfigurationList;
			buildConfigurations = (
				3B6793B127C5D6C800B936DE /* Debug */,
				3B6793B227C5D6C800B936DE /* Release */,
			);
			defaultConfigurationIsVisible = 0;
			defaultConfigurationName = Release;
		};
		3B6793B327C5D6C800B936DE /* Build configuration list for PBXNativeTarget "1701PortalUITests" */ = {
			isa = XCConfigurationList;
			buildConfigurations = (
				3B6793B427C5D6C800B936DE /* Debug */,
				3B6793B527C5D6C800B936DE /* Release */,
			);
			defaultConfigurationIsVisible = 0;
			defaultConfigurationName = Release;
		};
/* End XCConfigurationList section */
	};
	rootObject = 3B67937627C5D6C600B936DE /* Project object */;
}
